
Microsoft Visual Studio Solution File, Format Version 12.00
# Visual Studio Version 16
VisualStudioVersion = 16.0.29709.97
MinimumVisualStudioVersion = 10.0.40219.1
Project("{2150E333-8FDC-42A3-9474-1A3956D46DE8}") = "doSeries", "doSeries", "{1A60FA2E-4B56-4700-A374-66F8F9D0A75C}"
EndProject
Project("{2150E333-8FDC-42A3-9474-1A3956D46DE8}") = "tuingSeries", "tuingSeries", "{E53581AE-6D0F-47D2-8E0B-03E30F6A8880}"
EndProject
Project("{2150E333-8FDC-42A3-9474-1A3956D46DE8}") = "wgSeries", "wgSeries", "{BC85D569-A568-4736-8CE1-A5FC27D00720}"
EndProject
Project("{2150E333-8FDC-42A3-9474-1A3956D46DE8}") = "doClient", "doClient", "{F0A26AFA-9A51-4BDB-A0A4-1458D170C8A2}"
EndProject
Project("{2150E333-8FDC-42A3-9474-1A3956D46DE8}") = "doMgr", "doMgr", "{839588B9-4F39-4F8F-A16B-B23C3CF7A165}"
EndProject
Project("{2150E333-8FDC-42A3-9474-1A3956D46DE8}") = "doServer", "doServer", "{81861170-BD26-46EA-B78D-DC78252DC6D6}"
EndProject
Project("{2150E333-8FDC-42A3-9474-1A3956D46DE8}") = "tuingClient", "tuingClient", "{6033CCE2-F7D2-490A-B9B9-607D9674CEB5}"
EndProject
Project("{2150E333-8FDC-42A3-9474-1A3956D46DE8}") = "tuingMgr", "tuingMgr", "{F2CC2C92-9436-4C13-AB5D-7E5F032A54DD}"
EndProject
Project("{2150E333-8FDC-42A3-9474-1A3956D46DE8}") = "tuingServer", "tuingServer", "{5C5A9EE8-5AC1-430A-BB66-22382D24D704}"
EndProject
Project("{2150E333-8FDC-42A3-9474-1A3956D46DE8}") = "tuingDrm", "tuingDrm", "{E3B79A34-76CD-4F9E-8DF3-DA3A9CC38028}"
EndProject
Project("{2150E333-8FDC-42A3-9474-1A3956D46DE8}") = "Tetris", "Tetris", "{446F0B52-CAEA-4388-9788-67835B938A33}"
EndProject
Project("{8BC9CEB8-8B4A-11D0-8D11-00A0C91BC942}") = "DoPro", "ProjectSeries\doSeries\doClient\doPro\DoPro.vcxproj", "{ACACAA53-B1EB-42AA-8C35-4CA2ABE863B8}"
EndProject
Project("{8BC9CEB8-8B4A-11D0-8D11-00A0C91BC942}") = "DoSys", "ProjectSeries\doSeries\doClient\doSys\DoSys.vcxproj", "{7590EAD1-4A7F-4719-B1AF-9DA24595E9D7}"
EndProject
Project("{8BC9CEB8-8B4A-11D0-8D11-00A0C91BC942}") = "DoManager", "ProjectSeries\doSeries\doMgr\doManager\DoManager.vcxproj", "{56760558-B6E1-4181-922A-5BDB4DE19721}"
EndProject
Project("{8BC9CEB8-8B4A-11D0-8D11-00A0C91BC942}") = "OverlayIcon", "ProjectSeries\tuingSeries\tuingClient\tuingDrm\OverlayIcon\OverlayIcon.vcxproj", "{99BB894F-15BB-49C0-A179-A07CE3054C38}"
EndProject
Project("{8BC9CEB8-8B4A-11D0-8D11-00A0C91BC942}") = "SimpleExt", "ProjectSeries\tuingSeries\tuingClient\tuingDrm\SimpleExt\SimpleExt.vcxproj", "{B4105AC0-861A-4EA1-A8E6-93AAC22014FF}"
EndProject
Project("{8BC9CEB8-8B4A-11D0-8D11-00A0C91BC942}") = "tuingDrm", "ProjectSeries\tuingSeries\tuingClient\tuingDrm\tuingDrm\tuingDrm.vcxproj", "{354E119E-63C5-4243-8948-49ABE1272985}"
EndProject
Project("{8BC9CEB8-8B4A-11D0-8D11-00A0C91BC942}") = "tuingApp", "ProjectSeries\tuingSeries\tuingClient\tuingApp\tuingApp.vcxproj", "{758141C0-EBB6-4356-A336-092755D9D169}"
EndProject
Project("{8BC9CEB8-8B4A-11D0-8D11-00A0C91BC942}") = "tuingWeb", "ProjectSeries\tuingSeries\tuingClient\tuingWeb\tuingWeb.vcxproj", "{CD55AB26-5CE1-4355-83BE-84D528DF0FE5}"
EndProject
Project("{8BC9CEB8-8B4A-11D0-8D11-00A0C91BC942}") = "tuingDrmManager", "ProjectSeries\tuingSeries\tuingMgr\tuingDrmManager\tuingDrmManager.vcxproj", "{CA75F0C4-02B6-4430-85FE-323692D610B6}"
EndProject
Project("{8BC9CEB8-8B4A-11D0-8D11-00A0C91BC942}") = "libSimpleSkin", "ProjectSeries\wgSeries\Game\libSimpleSkin\libSimpleSkin.vcxproj", "{C5D8D2AB-B7EB-44B6-A0C8-33D8442347B7}"
EndProject
Project("{8BC9CEB8-8B4A-11D0-8D11-00A0C91BC942}") = "Tetris", "ProjectSeries\wgSeries\Game\Tetris\Tetris.vcxproj", "{5E606191-92D7-44F9-AEF5-632C0499C703}"
EndProject
Project("{2150E333-8FDC-42A3-9474-1A3956D46DE8}") = "InfoSecu", "InfoSecu", "{F620D9F8-60D0-45BE-B395-1674E7A780B7}"
EndProject
Project("{8BC9CEB8-8B4A-11D0-8D11-00A0C91BC942}") = "InfoSecuAlgorithm", "ProjectSecu\InfoSecuAlgorithm\InfoSecuAlgorithm.vcxproj", "{76B6DBF3-6E63-4CC5-B03A-6554DC06DE46}"
EndProject
Project("{8BC9CEB8-8B4A-11D0-8D11-00A0C91BC942}") = "InfoSecuCsample", "ProjectSecu\InfoSecuCsample\InfoSecuCsample.vcxproj", "{3FBF6ECC-BFA0-4457-B7F4-C9CDCFD78BBE}"
EndProject
Project("{8BC9CEB8-8B4A-11D0-8D11-00A0C91BC942}") = "InfoSecuMFCPort", "ProjectSecu\InfoSecuMFCPort\InfoSecuMFCPort.vcxproj", "{0F2E5D65-4513-46E8-90C3-26903AFCE0B3}"
EndProject
Project("{888888A0-9F3D-457C-B088-3A5042F75D52}") = "InfoSecuPySample", "ProjectSecu\InfoSecuPySample\InfoSecuPySample.pyproj", "{B224C743-6EFE-4EC5-9FC0-DD72F52315E7}"
EndProject
Global
	GlobalSection(SolutionConfigurationPlatforms) = preSolution
		Debug Release Static|Any CPU = Debug Release Static|Any CPU
		Debug Release Static|x64 = Debug Release Static|x64
		Debug Release Static|x86 = Debug Release Static|x86
		Debug Static|Any CPU = Debug Static|Any CPU
		Debug Static|x64 = Debug Static|x64
		Debug Static|x86 = Debug Static|x86
		Debug|Any CPU = Debug|Any CPU
		Debug|x64 = Debug|x64
		Debug|x86 = Debug|x86
		Release MinDependency|Any CPU = Release MinDependency|Any CPU
		Release MinDependency|x64 = Release MinDependency|x64
		Release MinDependency|x86 = Release MinDependency|x86
		Release MinSize|Any CPU = Release MinSize|Any CPU
		Release MinSize|x64 = Release MinSize|x64
		Release MinSize|x86 = Release MinSize|x86
		Release Static|Any CPU = Release Static|Any CPU
		Release Static|x64 = Release Static|x64
		Release Static|x86 = Release Static|x86
		Release|Any CPU = Release|Any CPU
		Release|x64 = Release|x64
		Release|x86 = Release|x86
		Template|Any CPU = Template|Any CPU
		Template|x64 = Template|x64
		Template|x86 = Template|x86
		Unicode Debug Static|Any CPU = Unicode Debug Static|Any CPU
		Unicode Debug Static|x64 = Unicode Debug Static|x64
		Unicode Debug Static|x86 = Unicode Debug Static|x86
		Unicode Debug|Any CPU = Unicode Debug|Any CPU
		Unicode Debug|x64 = Unicode Debug|x64
		Unicode Debug|x86 = Unicode Debug|x86
		Unicode Release MinDependency|Any CPU = Unicode Release MinDependency|Any CPU
		Unicode Release MinDependency|x64 = Unicode Release MinDependency|x64
		Unicode Release MinDependency|x86 = Unicode Release MinDependency|x86
		Unicode Release MinSize|Any CPU = Unicode Release MinSize|Any CPU
		Unicode Release MinSize|x64 = Unicode Release MinSize|x64
		Unicode Release MinSize|x86 = Unicode Release MinSize|x86
		Unicode Release Static|Any CPU = Unicode Release Static|Any CPU
		Unicode Release Static|x64 = Unicode Release Static|x64
		Unicode Release Static|x86 = Unicode Release Static|x86
		Unicode Release|Any CPU = Unicode Release|Any CPU
		Unicode Release|x64 = Unicode Release|x64
		Unicode Release|x86 = Unicode Release|x86
	EndGlobalSection
	GlobalSection(ProjectConfigurationPlatforms) = postSolution
		{ACACAA53-B1EB-42AA-8C35-4CA2ABE863B8}.Debug Release Static|Any CPU.ActiveCfg = Debug|Win32
		{ACACAA53-B1EB-42AA-8C35-4CA2ABE863B8}.Debug Release Static|Any CPU.Build.0 = Debug|Win32
		{ACACAA53-B1EB-42AA-8C35-4CA2ABE863B8}.Debug Release Static|x64.ActiveCfg = Debug|Win32
		{ACACAA53-B1EB-42AA-8C35-4CA2ABE863B8}.Debug Release Static|x64.Build.0 = Debug|Win32
		{ACACAA53-B1EB-42AA-8C35-4CA2ABE863B8}.Debug Release Static|x86.ActiveCfg = Release|Win32
		{ACACAA53-B1EB-42AA-8C35-4CA2ABE863B8}.Debug Static|Any CPU.ActiveCfg = Debug|Win32
		{ACACAA53-B1EB-42AA-8C35-4CA2ABE863B8}.Debug Static|Any CPU.Build.0 = Debug|Win32
		{ACACAA53-B1EB-42AA-8C35-4CA2ABE863B8}.Debug Static|x64.ActiveCfg = Debug|Win32
		{ACACAA53-B1EB-42AA-8C35-4CA2ABE863B8}.Debug Static|x64.Build.0 = Debug|Win32
		{ACACAA53-B1EB-42AA-8C35-4CA2ABE863B8}.Debug Static|x86.ActiveCfg = Debug|Win32
		{ACACAA53-B1EB-42AA-8C35-4CA2ABE863B8}.Debug|Any CPU.ActiveCfg = Debug|Win32
		{ACACAA53-B1EB-42AA-8C35-4CA2ABE863B8}.Debug|x64.ActiveCfg = Debug|Win32
		{ACACAA53-B1EB-42AA-8C35-4CA2ABE863B8}.Debug|x86.ActiveCfg = Debug|Win32
		{ACACAA53-B1EB-42AA-8C35-4CA2ABE863B8}.Debug|x86.Build.0 = Debug|Win32
		{ACACAA53-B1EB-42AA-8C35-4CA2ABE863B8}.Release MinDependency|Any CPU.ActiveCfg = Debug|Win32
		{ACACAA53-B1EB-42AA-8C35-4CA2ABE863B8}.Release MinDependency|Any CPU.Build.0 = Debug|Win32
		{ACACAA53-B1EB-42AA-8C35-4CA2ABE863B8}.Release MinDependency|x64.ActiveCfg = Debug|Win32
		{ACACAA53-B1EB-42AA-8C35-4CA2ABE863B8}.Release MinDependency|x64.Build.0 = Debug|Win32
		{ACACAA53-B1EB-42AA-8C35-4CA2ABE863B8}.Release MinDependency|x86.ActiveCfg = Release|Win32
		{ACACAA53-B1EB-42AA-8C35-4CA2ABE863B8}.Release MinDependency|x86.Build.0 = Release|Win32
		{ACACAA53-B1EB-42AA-8C35-4CA2ABE863B8}.Release MinSize|Any CPU.ActiveCfg = Debug|Win32
		{ACACAA53-B1EB-42AA-8C35-4CA2ABE863B8}.Release MinSize|Any CPU.Build.0 = Debug|Win32
		{ACACAA53-B1EB-42AA-8C35-4CA2ABE863B8}.Release MinSize|x64.ActiveCfg = Debug|Win32
		{ACACAA53-B1EB-42AA-8C35-4CA2ABE863B8}.Release MinSize|x64.Build.0 = Debug|Win32
		{ACACAA53-B1EB-42AA-8C35-4CA2ABE863B8}.Release MinSize|x86.ActiveCfg = Release|Win32
		{ACACAA53-B1EB-42AA-8C35-4CA2ABE863B8}.Release MinSize|x86.Build.0 = Release|Win32
		{ACACAA53-B1EB-42AA-8C35-4CA2ABE863B8}.Release Static|Any CPU.ActiveCfg = Debug|Win32
		{ACACAA53-B1EB-42AA-8C35-4CA2ABE863B8}.Release Static|Any CPU.Build.0 = Debug|Win32
		{ACACAA53-B1EB-42AA-8C35-4CA2ABE863B8}.Release Static|x64.ActiveCfg = Debug|Win32
		{ACACAA53-B1EB-42AA-8C35-4CA2ABE863B8}.Release Static|x64.Build.0 = Debug|Win32
		{ACACAA53-B1EB-42AA-8C35-4CA2ABE863B8}.Release Static|x86.ActiveCfg = Release|Win32
		{ACACAA53-B1EB-42AA-8C35-4CA2ABE863B8}.Release Static|x86.Build.0 = Release|Win32
		{ACACAA53-B1EB-42AA-8C35-4CA2ABE863B8}.Release|Any CPU.ActiveCfg = Release|Win32
		{ACACAA53-B1EB-42AA-8C35-4CA2ABE863B8}.Release|x64.ActiveCfg = Release|Win32
		{ACACAA53-B1EB-42AA-8C35-4CA2ABE863B8}.Release|x86.ActiveCfg = Release|Win32
		{ACACAA53-B1EB-42AA-8C35-4CA2ABE863B8}.Template|Any CPU.ActiveCfg = Debug|Win32
		{ACACAA53-B1EB-42AA-8C35-4CA2ABE863B8}.Template|Any CPU.Build.0 = Debug|Win32
		{ACACAA53-B1EB-42AA-8C35-4CA2ABE863B8}.Template|x64.ActiveCfg = Debug|Win32
		{ACACAA53-B1EB-42AA-8C35-4CA2ABE863B8}.Template|x64.Build.0 = Debug|Win32
		{ACACAA53-B1EB-42AA-8C35-4CA2ABE863B8}.Template|x86.ActiveCfg = Debug|Win32
		{ACACAA53-B1EB-42AA-8C35-4CA2ABE863B8}.Template|x86.Build.0 = Debug|Win32
		{ACACAA53-B1EB-42AA-8C35-4CA2ABE863B8}.Unicode Debug Static|Any CPU.ActiveCfg = Debug|Win32
		{ACACAA53-B1EB-42AA-8C35-4CA2ABE863B8}.Unicode Debug Static|Any CPU.Build.0 = Debug|Win32
		{ACACAA53-B1EB-42AA-8C35-4CA2ABE863B8}.Unicode Debug Static|x64.ActiveCfg = Debug|Win32
		{ACACAA53-B1EB-42AA-8C35-4CA2ABE863B8}.Unicode Debug Static|x86.ActiveCfg = Debug|Win32
		{ACACAA53-B1EB-42AA-8C35-4CA2ABE863B8}.Unicode Debug|Any CPU.ActiveCfg = Debug|Win32
		{ACACAA53-B1EB-42AA-8C35-4CA2ABE863B8}.Unicode Debug|Any CPU.Build.0 = Debug|Win32
		{ACACAA53-B1EB-42AA-8C35-4CA2ABE863B8}.Unicode Debug|x64.ActiveCfg = Debug|Win32
		{ACACAA53-B1EB-42AA-8C35-4CA2ABE863B8}.Unicode Debug|x86.ActiveCfg = Debug|Win32
		{ACACAA53-B1EB-42AA-8C35-4CA2ABE863B8}.Unicode Release MinDependency|Any CPU.ActiveCfg = Debug|Win32
		{ACACAA53-B1EB-42AA-8C35-4CA2ABE863B8}.Unicode Release MinDependency|Any CPU.Build.0 = Debug|Win32
		{ACACAA53-B1EB-42AA-8C35-4CA2ABE863B8}.Unicode Release MinDependency|x64.ActiveCfg = Debug|Win32
		{ACACAA53-B1EB-42AA-8C35-4CA2ABE863B8}.Unicode Release MinDependency|x86.ActiveCfg = Release|Win32
		{ACACAA53-B1EB-42AA-8C35-4CA2ABE863B8}.Unicode Release MinDependency|x86.Build.0 = Release|Win32
		{ACACAA53-B1EB-42AA-8C35-4CA2ABE863B8}.Unicode Release MinSize|Any CPU.ActiveCfg = Debug|Win32
		{ACACAA53-B1EB-42AA-8C35-4CA2ABE863B8}.Unicode Release MinSize|Any CPU.Build.0 = Debug|Win32
		{ACACAA53-B1EB-42AA-8C35-4CA2ABE863B8}.Unicode Release MinSize|x64.ActiveCfg = Debug|Win32
		{ACACAA53-B1EB-42AA-8C35-4CA2ABE863B8}.Unicode Release MinSize|x86.ActiveCfg = Release|Win32
		{ACACAA53-B1EB-42AA-8C35-4CA2ABE863B8}.Unicode Release Static|Any CPU.ActiveCfg = Debug|Win32
		{ACACAA53-B1EB-42AA-8C35-4CA2ABE863B8}.Unicode Release Static|Any CPU.Build.0 = Debug|Win32
		{ACACAA53-B1EB-42AA-8C35-4CA2ABE863B8}.Unicode Release Static|x64.ActiveCfg = Debug|Win32
		{ACACAA53-B1EB-42AA-8C35-4CA2ABE863B8}.Unicode Release Static|x86.ActiveCfg = Release|Win32
		{ACACAA53-B1EB-42AA-8C35-4CA2ABE863B8}.Unicode Release|Any CPU.ActiveCfg = Debug|Win32
		{ACACAA53-B1EB-42AA-8C35-4CA2ABE863B8}.Unicode Release|Any CPU.Build.0 = Debug|Win32
		{ACACAA53-B1EB-42AA-8C35-4CA2ABE863B8}.Unicode Release|x64.ActiveCfg = Debug|Win32
		{ACACAA53-B1EB-42AA-8C35-4CA2ABE863B8}.Unicode Release|x86.ActiveCfg = Release|Win32
		{ACACAA53-B1EB-42AA-8C35-4CA2ABE863B8}.Unicode Release|x86.Build.0 = Release|Win32
		{7590EAD1-4A7F-4719-B1AF-9DA24595E9D7}.Debug Release Static|Any CPU.ActiveCfg = Debug|Win32
		{7590EAD1-4A7F-4719-B1AF-9DA24595E9D7}.Debug Release Static|Any CPU.Build.0 = Debug|Win32
		{7590EAD1-4A7F-4719-B1AF-9DA24595E9D7}.Debug Release Static|x64.ActiveCfg = Debug|Win32
		{7590EAD1-4A7F-4719-B1AF-9DA24595E9D7}.Debug Release Static|x64.Build.0 = Debug|Win32
		{7590EAD1-4A7F-4719-B1AF-9DA24595E9D7}.Debug Release Static|x86.ActiveCfg = Release|Win32
		{7590EAD1-4A7F-4719-B1AF-9DA24595E9D7}.Debug Static|Any CPU.ActiveCfg = Debug|Win32
		{7590EAD1-4A7F-4719-B1AF-9DA24595E9D7}.Debug Static|Any CPU.Build.0 = Debug|Win32
		{7590EAD1-4A7F-4719-B1AF-9DA24595E9D7}.Debug Static|x64.ActiveCfg = Debug|Win32
		{7590EAD1-4A7F-4719-B1AF-9DA24595E9D7}.Debug Static|x64.Build.0 = Debug|Win32
		{7590EAD1-4A7F-4719-B1AF-9DA24595E9D7}.Debug Static|x86.ActiveCfg = Debug|Win32
		{7590EAD1-4A7F-4719-B1AF-9DA24595E9D7}.Debug|Any CPU.ActiveCfg = Debug|Win32
		{7590EAD1-4A7F-4719-B1AF-9DA24595E9D7}.Debug|x64.ActiveCfg = Debug|Win32
		{7590EAD1-4A7F-4719-B1AF-9DA24595E9D7}.Debug|x86.ActiveCfg = Debug|Win32
		{7590EAD1-4A7F-4719-B1AF-9DA24595E9D7}.Debug|x86.Build.0 = Debug|Win32
		{7590EAD1-4A7F-4719-B1AF-9DA24595E9D7}.Release MinDependency|Any CPU.ActiveCfg = Debug|Win32
		{7590EAD1-4A7F-4719-B1AF-9DA24595E9D7}.Release MinDependency|Any CPU.Build.0 = Debug|Win32
		{7590EAD1-4A7F-4719-B1AF-9DA24595E9D7}.Release MinDependency|x64.ActiveCfg = Debug|Win32
		{7590EAD1-4A7F-4719-B1AF-9DA24595E9D7}.Release MinDependency|x64.Build.0 = Debug|Win32
		{7590EAD1-4A7F-4719-B1AF-9DA24595E9D7}.Release MinDependency|x86.ActiveCfg = Release|Win32
		{7590EAD1-4A7F-4719-B1AF-9DA24595E9D7}.Release MinDependency|x86.Build.0 = Release|Win32
		{7590EAD1-4A7F-4719-B1AF-9DA24595E9D7}.Release MinSize|Any CPU.ActiveCfg = Debug|Win32
		{7590EAD1-4A7F-4719-B1AF-9DA24595E9D7}.Release MinSize|Any CPU.Build.0 = Debug|Win32
		{7590EAD1-4A7F-4719-B1AF-9DA24595E9D7}.Release MinSize|x64.ActiveCfg = Debug|Win32
		{7590EAD1-4A7F-4719-B1AF-9DA24595E9D7}.Release MinSize|x64.Build.0 = Debug|Win32
		{7590EAD1-4A7F-4719-B1AF-9DA24595E9D7}.Release MinSize|x86.ActiveCfg = Release|Win32
		{7590EAD1-4A7F-4719-B1AF-9DA24595E9D7}.Release MinSize|x86.Build.0 = Release|Win32
		{7590EAD1-4A7F-4719-B1AF-9DA24595E9D7}.Release Static|Any CPU.ActiveCfg = Debug|Win32
		{7590EAD1-4A7F-4719-B1AF-9DA24595E9D7}.Release Static|Any CPU.Build.0 = Debug|Win32
		{7590EAD1-4A7F-4719-B1AF-9DA24595E9D7}.Release Static|x64.ActiveCfg = Debug|Win32
		{7590EAD1-4A7F-4719-B1AF-9DA24595E9D7}.Release Static|x64.Build.0 = Debug|Win32
		{7590EAD1-4A7F-4719-B1AF-9DA24595E9D7}.Release Static|x86.ActiveCfg = Release|Win32
		{7590EAD1-4A7F-4719-B1AF-9DA24595E9D7}.Release Static|x86.Build.0 = Release|Win32
		{7590EAD1-4A7F-4719-B1AF-9DA24595E9D7}.Release|Any CPU.ActiveCfg = Release|Win32
		{7590EAD1-4A7F-4719-B1AF-9DA24595E9D7}.Release|x64.ActiveCfg = Release|Win32
		{7590EAD1-4A7F-4719-B1AF-9DA24595E9D7}.Release|x86.ActiveCfg = Release|Win32
		{7590EAD1-4A7F-4719-B1AF-9DA24595E9D7}.Template|Any CPU.ActiveCfg = Template|Win32
		{7590EAD1-4A7F-4719-B1AF-9DA24595E9D7}.Template|x64.ActiveCfg = Template|Win32
		{7590EAD1-4A7F-4719-B1AF-9DA24595E9D7}.Template|x86.ActiveCfg = Template|Win32
		{7590EAD1-4A7F-4719-B1AF-9DA24595E9D7}.Template|x86.Build.0 = Template|Win32
		{7590EAD1-4A7F-4719-B1AF-9DA24595E9D7}.Unicode Debug Static|Any CPU.ActiveCfg = Debug|Win32
		{7590EAD1-4A7F-4719-B1AF-9DA24595E9D7}.Unicode Debug Static|Any CPU.Build.0 = Debug|Win32
		{7590EAD1-4A7F-4719-B1AF-9DA24595E9D7}.Unicode Debug Static|x64.ActiveCfg = Debug|Win32
		{7590EAD1-4A7F-4719-B1AF-9DA24595E9D7}.Unicode Debug Static|x86.ActiveCfg = Debug|Win32
		{7590EAD1-4A7F-4719-B1AF-9DA24595E9D7}.Unicode Debug|Any CPU.ActiveCfg = Debug|Win32
		{7590EAD1-4A7F-4719-B1AF-9DA24595E9D7}.Unicode Debug|Any CPU.Build.0 = Debug|Win32
		{7590EAD1-4A7F-4719-B1AF-9DA24595E9D7}.Unicode Debug|x64.ActiveCfg = Debug|Win32
		{7590EAD1-4A7F-4719-B1AF-9DA24595E9D7}.Unicode Debug|x86.ActiveCfg = Debug|Win32
		{7590EAD1-4A7F-4719-B1AF-9DA24595E9D7}.Unicode Release MinDependency|Any CPU.ActiveCfg = Debug|Win32
		{7590EAD1-4A7F-4719-B1AF-9DA24595E9D7}.Unicode Release MinDependency|Any CPU.Build.0 = Debug|Win32
		{7590EAD1-4A7F-4719-B1AF-9DA24595E9D7}.Unicode Release MinDependency|x64.ActiveCfg = Debug|Win32
		{7590EAD1-4A7F-4719-B1AF-9DA24595E9D7}.Unicode Release MinDependency|x86.ActiveCfg = Release|Win32
		{7590EAD1-4A7F-4719-B1AF-9DA24595E9D7}.Unicode Release MinDependency|x86.Build.0 = Release|Win32
		{7590EAD1-4A7F-4719-B1AF-9DA24595E9D7}.Unicode Release MinSize|Any CPU.ActiveCfg = Debug|Win32
		{7590EAD1-4A7F-4719-B1AF-9DA24595E9D7}.Unicode Release MinSize|Any CPU.Build.0 = Debug|Win32
		{7590EAD1-4A7F-4719-B1AF-9DA24595E9D7}.Unicode Release MinSize|x64.ActiveCfg = Debug|Win32
		{7590EAD1-4A7F-4719-B1AF-9DA24595E9D7}.Unicode Release MinSize|x86.ActiveCfg = Release|Win32
		{7590EAD1-4A7F-4719-B1AF-9DA24595E9D7}.Unicode Release Static|Any CPU.ActiveCfg = Debug|Win32
		{7590EAD1-4A7F-4719-B1AF-9DA24595E9D7}.Unicode Release Static|Any CPU.Build.0 = Debug|Win32
		{7590EAD1-4A7F-4719-B1AF-9DA24595E9D7}.Unicode Release Static|x64.ActiveCfg = Debug|Win32
		{7590EAD1-4A7F-4719-B1AF-9DA24595E9D7}.Unicode Release Static|x86.ActiveCfg = Release|Win32
		{7590EAD1-4A7F-4719-B1AF-9DA24595E9D7}.Unicode Release|Any CPU.ActiveCfg = Debug|Win32
		{7590EAD1-4A7F-4719-B1AF-9DA24595E9D7}.Unicode Release|Any CPU.Build.0 = Debug|Win32
		{7590EAD1-4A7F-4719-B1AF-9DA24595E9D7}.Unicode Release|x64.ActiveCfg = Debug|Win32
		{7590EAD1-4A7F-4719-B1AF-9DA24595E9D7}.Unicode Release|x86.ActiveCfg = Release|Win32
		{7590EAD1-4A7F-4719-B1AF-9DA24595E9D7}.Unicode Release|x86.Build.0 = Release|Win32
		{56760558-B6E1-4181-922A-5BDB4DE19721}.Debug Release Static|Any CPU.ActiveCfg = Debug|Win32
		{56760558-B6E1-4181-922A-5BDB4DE19721}.Debug Release Static|Any CPU.Build.0 = Debug|Win32
		{56760558-B6E1-4181-922A-5BDB4DE19721}.Debug Release Static|x64.ActiveCfg = Debug|Win32
		{56760558-B6E1-4181-922A-5BDB4DE19721}.Debug Release Static|x64.Build.0 = Debug|Win32
		{56760558-B6E1-4181-922A-5BDB4DE19721}.Debug Release Static|x86.ActiveCfg = Release|Win32
		{56760558-B6E1-4181-922A-5BDB4DE19721}.Debug Static|Any CPU.ActiveCfg = Debug|Win32
		{56760558-B6E1-4181-922A-5BDB4DE19721}.Debug Static|Any CPU.Build.0 = Debug|Win32
		{56760558-B6E1-4181-922A-5BDB4DE19721}.Debug Static|x64.ActiveCfg = Debug|Win32
		{56760558-B6E1-4181-922A-5BDB4DE19721}.Debug Static|x64.Build.0 = Debug|Win32
		{56760558-B6E1-4181-922A-5BDB4DE19721}.Debug Static|x86.ActiveCfg = Debug|Win32
		{56760558-B6E1-4181-922A-5BDB4DE19721}.Debug|Any CPU.ActiveCfg = Debug|Win32
		{56760558-B6E1-4181-922A-5BDB4DE19721}.Debug|x64.ActiveCfg = Debug|Win32
		{56760558-B6E1-4181-922A-5BDB4DE19721}.Debug|x86.ActiveCfg = Debug|Win32
		{56760558-B6E1-4181-922A-5BDB4DE19721}.Release MinDependency|Any CPU.ActiveCfg = Debug|Win32
		{56760558-B6E1-4181-922A-5BDB4DE19721}.Release MinDependency|Any CPU.Build.0 = Debug|Win32
		{56760558-B6E1-4181-922A-5BDB4DE19721}.Release MinDependency|x64.ActiveCfg = Debug|Win32
		{56760558-B6E1-4181-922A-5BDB4DE19721}.Release MinDependency|x64.Build.0 = Debug|Win32
		{56760558-B6E1-4181-922A-5BDB4DE19721}.Release MinDependency|x86.ActiveCfg = Release|Win32
		{56760558-B6E1-4181-922A-5BDB4DE19721}.Release MinDependency|x86.Build.0 = Release|Win32
		{56760558-B6E1-4181-922A-5BDB4DE19721}.Release MinSize|Any CPU.ActiveCfg = Debug|Win32
		{56760558-B6E1-4181-922A-5BDB4DE19721}.Release MinSize|Any CPU.Build.0 = Debug|Win32
		{56760558-B6E1-4181-922A-5BDB4DE19721}.Release MinSize|x64.ActiveCfg = Debug|Win32
		{56760558-B6E1-4181-922A-5BDB4DE19721}.Release MinSize|x64.Build.0 = Debug|Win32
		{56760558-B6E1-4181-922A-5BDB4DE19721}.Release MinSize|x86.ActiveCfg = Release|Win32
		{56760558-B6E1-4181-922A-5BDB4DE19721}.Release MinSize|x86.Build.0 = Release|Win32
		{56760558-B6E1-4181-922A-5BDB4DE19721}.Release Static|Any CPU.ActiveCfg = Debug|Win32
		{56760558-B6E1-4181-922A-5BDB4DE19721}.Release Static|Any CPU.Build.0 = Debug|Win32
		{56760558-B6E1-4181-922A-5BDB4DE19721}.Release Static|x64.ActiveCfg = Debug|Win32
		{56760558-B6E1-4181-922A-5BDB4DE19721}.Release Static|x64.Build.0 = Debug|Win32
		{56760558-B6E1-4181-922A-5BDB4DE19721}.Release Static|x86.ActiveCfg = Release|Win32
		{56760558-B6E1-4181-922A-5BDB4DE19721}.Release Static|x86.Build.0 = Release|Win32
		{56760558-B6E1-4181-922A-5BDB4DE19721}.Release|Any CPU.ActiveCfg = Release|Win32
		{56760558-B6E1-4181-922A-5BDB4DE19721}.Release|x64.ActiveCfg = Release|Win32
		{56760558-B6E1-4181-922A-5BDB4DE19721}.Release|x86.ActiveCfg = Release|Win32
		{56760558-B6E1-4181-922A-5BDB4DE19721}.Template|Any CPU.ActiveCfg = Template|Win32
		{56760558-B6E1-4181-922A-5BDB4DE19721}.Template|x64.ActiveCfg = Template|Win32
		{56760558-B6E1-4181-922A-5BDB4DE19721}.Template|x86.ActiveCfg = Template|Win32
		{56760558-B6E1-4181-922A-5BDB4DE19721}.Template|x86.Build.0 = Template|Win32
		{56760558-B6E1-4181-922A-5BDB4DE19721}.Unicode Debug Static|Any CPU.ActiveCfg = Debug|Win32
		{56760558-B6E1-4181-922A-5BDB4DE19721}.Unicode Debug Static|Any CPU.Build.0 = Debug|Win32
		{56760558-B6E1-4181-922A-5BDB4DE19721}.Unicode Debug Static|x64.ActiveCfg = Debug|Win32
		{56760558-B6E1-4181-922A-5BDB4DE19721}.Unicode Debug Static|x86.ActiveCfg = Debug|Win32
		{56760558-B6E1-4181-922A-5BDB4DE19721}.Unicode Debug|Any CPU.ActiveCfg = Debug|Win32
		{56760558-B6E1-4181-922A-5BDB4DE19721}.Unicode Debug|Any CPU.Build.0 = Debug|Win32
		{56760558-B6E1-4181-922A-5BDB4DE19721}.Unicode Debug|x64.ActiveCfg = Debug|Win32
		{56760558-B6E1-4181-922A-5BDB4DE19721}.Unicode Debug|x86.ActiveCfg = Debug|Win32
		{56760558-B6E1-4181-922A-5BDB4DE19721}.Unicode Release MinDependency|Any CPU.ActiveCfg = Debug|Win32
		{56760558-B6E1-4181-922A-5BDB4DE19721}.Unicode Release MinDependency|Any CPU.Build.0 = Debug|Win32
		{56760558-B6E1-4181-922A-5BDB4DE19721}.Unicode Release MinDependency|x64.ActiveCfg = Debug|Win32
		{56760558-B6E1-4181-922A-5BDB4DE19721}.Unicode Release MinDependency|x86.ActiveCfg = Release|Win32
		{56760558-B6E1-4181-922A-5BDB4DE19721}.Unicode Release MinDependency|x86.Build.0 = Release|Win32
		{56760558-B6E1-4181-922A-5BDB4DE19721}.Unicode Release MinSize|Any CPU.ActiveCfg = Debug|Win32
		{56760558-B6E1-4181-922A-5BDB4DE19721}.Unicode Release MinSize|Any CPU.Build.0 = Debug|Win32
		{56760558-B6E1-4181-922A-5BDB4DE19721}.Unicode Release MinSize|x64.ActiveCfg = Debug|Win32
		{56760558-B6E1-4181-922A-5BDB4DE19721}.Unicode Release MinSize|x86.ActiveCfg = Release|Win32
		{56760558-B6E1-4181-922A-5BDB4DE19721}.Unicode Release Static|Any CPU.ActiveCfg = Debug|Win32
		{56760558-B6E1-4181-922A-5BDB4DE19721}.Unicode Release Static|Any CPU.Build.0 = Debug|Win32
		{56760558-B6E1-4181-922A-5BDB4DE19721}.Unicode Release Static|x64.ActiveCfg = Debug|Win32
		{56760558-B6E1-4181-922A-5BDB4DE19721}.Unicode Release Static|x86.ActiveCfg = Release|Win32
		{56760558-B6E1-4181-922A-5BDB4DE19721}.Unicode Release|Any CPU.ActiveCfg = Debug|Win32
		{56760558-B6E1-4181-922A-5BDB4DE19721}.Unicode Release|Any CPU.Build.0 = Debug|Win32
		{56760558-B6E1-4181-922A-5BDB4DE19721}.Unicode Release|x64.ActiveCfg = Debug|Win32
		{56760558-B6E1-4181-922A-5BDB4DE19721}.Unicode Release|x86.ActiveCfg = Release|Win32
		{56760558-B6E1-4181-922A-5BDB4DE19721}.Unicode Release|x86.Build.0 = Release|Win32
		{99BB894F-15BB-49C0-A179-A07CE3054C38}.Debug Release Static|Any CPU.ActiveCfg = Debug|Win32
		{99BB894F-15BB-49C0-A179-A07CE3054C38}.Debug Release Static|Any CPU.Build.0 = Debug|Win32
		{99BB894F-15BB-49C0-A179-A07CE3054C38}.Debug Release Static|x64.ActiveCfg = Debug|Win32
		{99BB894F-15BB-49C0-A179-A07CE3054C38}.Debug Release Static|x64.Build.0 = Debug|Win32
		{99BB894F-15BB-49C0-A179-A07CE3054C38}.Debug Release Static|x86.ActiveCfg = Release|Win32
		{99BB894F-15BB-49C0-A179-A07CE3054C38}.Debug Static|Any CPU.ActiveCfg = Debug|Win32
		{99BB894F-15BB-49C0-A179-A07CE3054C38}.Debug Static|Any CPU.Build.0 = Debug|Win32
		{99BB894F-15BB-49C0-A179-A07CE3054C38}.Debug Static|x64.ActiveCfg = Debug|Win32
		{99BB894F-15BB-49C0-A179-A07CE3054C38}.Debug Static|x64.Build.0 = Debug|Win32
		{99BB894F-15BB-49C0-A179-A07CE3054C38}.Debug Static|x86.ActiveCfg = Debug|Win32
		{99BB894F-15BB-49C0-A179-A07CE3054C38}.Debug Static|x86.Build.0 = Debug|Win32
		{99BB894F-15BB-49C0-A179-A07CE3054C38}.Debug|Any CPU.ActiveCfg = Debug|Win32
		{99BB894F-15BB-49C0-A179-A07CE3054C38}.Debug|x64.ActiveCfg = Debug|Win32
		{99BB894F-15BB-49C0-A179-A07CE3054C38}.Debug|x86.ActiveCfg = Debug|Win32
		{99BB894F-15BB-49C0-A179-A07CE3054C38}.Release MinDependency|Any CPU.ActiveCfg = Debug|Win32
		{99BB894F-15BB-49C0-A179-A07CE3054C38}.Release MinDependency|Any CPU.Build.0 = Debug|Win32
		{99BB894F-15BB-49C0-A179-A07CE3054C38}.Release MinDependency|x64.ActiveCfg = Debug|Win32
		{99BB894F-15BB-49C0-A179-A07CE3054C38}.Release MinDependency|x64.Build.0 = Debug|Win32
		{99BB894F-15BB-49C0-A179-A07CE3054C38}.Release MinDependency|x86.ActiveCfg = Release|Win32
		{99BB894F-15BB-49C0-A179-A07CE3054C38}.Release MinDependency|x86.Build.0 = Release|Win32
		{99BB894F-15BB-49C0-A179-A07CE3054C38}.Release MinSize|Any CPU.ActiveCfg = Debug|Win32
		{99BB894F-15BB-49C0-A179-A07CE3054C38}.Release MinSize|Any CPU.Build.0 = Debug|Win32
		{99BB894F-15BB-49C0-A179-A07CE3054C38}.Release MinSize|x64.ActiveCfg = Debug|Win32
		{99BB894F-15BB-49C0-A179-A07CE3054C38}.Release MinSize|x64.Build.0 = Debug|Win32
		{99BB894F-15BB-49C0-A179-A07CE3054C38}.Release MinSize|x86.ActiveCfg = Release|Win32
		{99BB894F-15BB-49C0-A179-A07CE3054C38}.Release MinSize|x86.Build.0 = Release|Win32
		{99BB894F-15BB-49C0-A179-A07CE3054C38}.Release Static|Any CPU.ActiveCfg = Debug|Win32
		{99BB894F-15BB-49C0-A179-A07CE3054C38}.Release Static|Any CPU.Build.0 = Debug|Win32
		{99BB894F-15BB-49C0-A179-A07CE3054C38}.Release Static|x64.ActiveCfg = Debug|Win32
		{99BB894F-15BB-49C0-A179-A07CE3054C38}.Release Static|x64.Build.0 = Debug|Win32
		{99BB894F-15BB-49C0-A179-A07CE3054C38}.Release Static|x86.ActiveCfg = Release|Win32
		{99BB894F-15BB-49C0-A179-A07CE3054C38}.Release Static|x86.Build.0 = Release|Win32
		{99BB894F-15BB-49C0-A179-A07CE3054C38}.Release|Any CPU.ActiveCfg = Release|Win32
		{99BB894F-15BB-49C0-A179-A07CE3054C38}.Release|x64.ActiveCfg = Release|Win32
		{99BB894F-15BB-49C0-A179-A07CE3054C38}.Release|x86.ActiveCfg = Release|Win32
		{99BB894F-15BB-49C0-A179-A07CE3054C38}.Template|Any CPU.ActiveCfg = Debug|Win32
		{99BB894F-15BB-49C0-A179-A07CE3054C38}.Template|Any CPU.Build.0 = Debug|Win32
		{99BB894F-15BB-49C0-A179-A07CE3054C38}.Template|x64.ActiveCfg = Debug|Win32
		{99BB894F-15BB-49C0-A179-A07CE3054C38}.Template|x64.Build.0 = Debug|Win32
		{99BB894F-15BB-49C0-A179-A07CE3054C38}.Template|x86.ActiveCfg = Debug|Win32
		{99BB894F-15BB-49C0-A179-A07CE3054C38}.Template|x86.Build.0 = Debug|Win32
		{99BB894F-15BB-49C0-A179-A07CE3054C38}.Unicode Debug Static|Any CPU.ActiveCfg = Debug|Win32
		{99BB894F-15BB-49C0-A179-A07CE3054C38}.Unicode Debug Static|Any CPU.Build.0 = Debug|Win32
		{99BB894F-15BB-49C0-A179-A07CE3054C38}.Unicode Debug Static|x64.ActiveCfg = Debug|Win32
		{99BB894F-15BB-49C0-A179-A07CE3054C38}.Unicode Debug Static|x86.ActiveCfg = Debug|Win32
		{99BB894F-15BB-49C0-A179-A07CE3054C38}.Unicode Debug|Any CPU.ActiveCfg = Debug|Win32
		{99BB894F-15BB-49C0-A179-A07CE3054C38}.Unicode Debug|Any CPU.Build.0 = Debug|Win32
		{99BB894F-15BB-49C0-A179-A07CE3054C38}.Unicode Debug|x64.ActiveCfg = Debug|Win32
		{99BB894F-15BB-49C0-A179-A07CE3054C38}.Unicode Debug|x86.ActiveCfg = Debug|Win32
		{99BB894F-15BB-49C0-A179-A07CE3054C38}.Unicode Release MinDependency|Any CPU.ActiveCfg = Debug|Win32
		{99BB894F-15BB-49C0-A179-A07CE3054C38}.Unicode Release MinDependency|Any CPU.Build.0 = Debug|Win32
		{99BB894F-15BB-49C0-A179-A07CE3054C38}.Unicode Release MinDependency|x64.ActiveCfg = Debug|Win32
		{99BB894F-15BB-49C0-A179-A07CE3054C38}.Unicode Release MinDependency|x86.ActiveCfg = Release|Win32
		{99BB894F-15BB-49C0-A179-A07CE3054C38}.Unicode Release MinDependency|x86.Build.0 = Release|Win32
		{99BB894F-15BB-49C0-A179-A07CE3054C38}.Unicode Release MinSize|Any CPU.ActiveCfg = Debug|Win32
		{99BB894F-15BB-49C0-A179-A07CE3054C38}.Unicode Release MinSize|Any CPU.Build.0 = Debug|Win32
		{99BB894F-15BB-49C0-A179-A07CE3054C38}.Unicode Release MinSize|x64.ActiveCfg = Debug|Win32
		{99BB894F-15BB-49C0-A179-A07CE3054C38}.Unicode Release MinSize|x86.ActiveCfg = Release|Win32
		{99BB894F-15BB-49C0-A179-A07CE3054C38}.Unicode Release Static|Any CPU.ActiveCfg = Debug|Win32
		{99BB894F-15BB-49C0-A179-A07CE3054C38}.Unicode Release Static|Any CPU.Build.0 = Debug|Win32
		{99BB894F-15BB-49C0-A179-A07CE3054C38}.Unicode Release Static|x64.ActiveCfg = Debug|Win32
		{99BB894F-15BB-49C0-A179-A07CE3054C38}.Unicode Release Static|x86.ActiveCfg = Release|Win32
		{99BB894F-15BB-49C0-A179-A07CE3054C38}.Unicode Release|Any CPU.ActiveCfg = Debug|Win32
		{99BB894F-15BB-49C0-A179-A07CE3054C38}.Unicode Release|Any CPU.Build.0 = Debug|Win32
		{99BB894F-15BB-49C0-A179-A07CE3054C38}.Unicode Release|x64.ActiveCfg = Debug|Win32
		{99BB894F-15BB-49C0-A179-A07CE3054C38}.Unicode Release|x86.ActiveCfg = Release|Win32
		{B4105AC0-861A-4EA1-A8E6-93AAC22014FF}.Debug Release Static|Any CPU.ActiveCfg = Debug|Win32
		{B4105AC0-861A-4EA1-A8E6-93AAC22014FF}.Debug Release Static|Any CPU.Build.0 = Debug|Win32
		{B4105AC0-861A-4EA1-A8E6-93AAC22014FF}.Debug Release Static|x64.ActiveCfg = Debug|Win32
		{B4105AC0-861A-4EA1-A8E6-93AAC22014FF}.Debug Release Static|x64.Build.0 = Debug|Win32
		{B4105AC0-861A-4EA1-A8E6-93AAC22014FF}.Debug Release Static|x86.ActiveCfg = Debug|Win32
		{B4105AC0-861A-4EA1-A8E6-93AAC22014FF}.Debug Static|Any CPU.ActiveCfg = Debug|Win32
		{B4105AC0-861A-4EA1-A8E6-93AAC22014FF}.Debug Static|Any CPU.Build.0 = Debug|Win32
		{B4105AC0-861A-4EA1-A8E6-93AAC22014FF}.Debug Static|x64.ActiveCfg = Debug|Win32
		{B4105AC0-861A-4EA1-A8E6-93AAC22014FF}.Debug Static|x64.Build.0 = Debug|Win32
		{B4105AC0-861A-4EA1-A8E6-93AAC22014FF}.Debug Static|x86.ActiveCfg = Debug|Win32
		{B4105AC0-861A-4EA1-A8E6-93AAC22014FF}.Debug Static|x86.Build.0 = Debug|Win32
		{B4105AC0-861A-4EA1-A8E6-93AAC22014FF}.Debug|Any CPU.ActiveCfg = Debug|Win32
		{B4105AC0-861A-4EA1-A8E6-93AAC22014FF}.Debug|x64.ActiveCfg = Debug|Win32
		{B4105AC0-861A-4EA1-A8E6-93AAC22014FF}.Debug|x86.ActiveCfg = Debug|Win32
		{B4105AC0-861A-4EA1-A8E6-93AAC22014FF}.Release MinDependency|Any CPU.ActiveCfg = Release MinDependency|Win32
		{B4105AC0-861A-4EA1-A8E6-93AAC22014FF}.Release MinDependency|x64.ActiveCfg = Release MinDependency|Win32
		{B4105AC0-861A-4EA1-A8E6-93AAC22014FF}.Release MinDependency|x86.ActiveCfg = Release MinDependency|Win32
		{B4105AC0-861A-4EA1-A8E6-93AAC22014FF}.Release MinDependency|x86.Build.0 = Release MinDependency|Win32
		{B4105AC0-861A-4EA1-A8E6-93AAC22014FF}.Release MinSize|Any CPU.ActiveCfg = Release MinSize|Win32
		{B4105AC0-861A-4EA1-A8E6-93AAC22014FF}.Release MinSize|x64.ActiveCfg = Release MinSize|Win32
		{B4105AC0-861A-4EA1-A8E6-93AAC22014FF}.Release MinSize|x86.ActiveCfg = Release MinSize|Win32
		{B4105AC0-861A-4EA1-A8E6-93AAC22014FF}.Release MinSize|x86.Build.0 = Release MinSize|Win32
		{B4105AC0-861A-4EA1-A8E6-93AAC22014FF}.Release Static|Any CPU.ActiveCfg = Debug|Win32
		{B4105AC0-861A-4EA1-A8E6-93AAC22014FF}.Release Static|Any CPU.Build.0 = Debug|Win32
		{B4105AC0-861A-4EA1-A8E6-93AAC22014FF}.Release Static|x64.ActiveCfg = Debug|Win32
		{B4105AC0-861A-4EA1-A8E6-93AAC22014FF}.Release Static|x64.Build.0 = Debug|Win32
		{B4105AC0-861A-4EA1-A8E6-93AAC22014FF}.Release Static|x86.ActiveCfg = Release MinDependency|Win32
		{B4105AC0-861A-4EA1-A8E6-93AAC22014FF}.Release Static|x86.Build.0 = Release MinDependency|Win32
		{B4105AC0-861A-4EA1-A8E6-93AAC22014FF}.Release|Any CPU.ActiveCfg = Debug|Win32
		{B4105AC0-861A-4EA1-A8E6-93AAC22014FF}.Release|Any CPU.Build.0 = Debug|Win32
		{B4105AC0-861A-4EA1-A8E6-93AAC22014FF}.Release|x64.ActiveCfg = Debug|Win32
		{B4105AC0-861A-4EA1-A8E6-93AAC22014FF}.Release|x64.Build.0 = Debug|Win32
		{B4105AC0-861A-4EA1-A8E6-93AAC22014FF}.Release|x86.ActiveCfg = Unicode Release MinSize|Win32
		{B4105AC0-861A-4EA1-A8E6-93AAC22014FF}.Template|Any CPU.ActiveCfg = Debug|Win32
		{B4105AC0-861A-4EA1-A8E6-93AAC22014FF}.Template|Any CPU.Build.0 = Debug|Win32
		{B4105AC0-861A-4EA1-A8E6-93AAC22014FF}.Template|x64.ActiveCfg = Debug|Win32
		{B4105AC0-861A-4EA1-A8E6-93AAC22014FF}.Template|x64.Build.0 = Debug|Win32
		{B4105AC0-861A-4EA1-A8E6-93AAC22014FF}.Template|x86.ActiveCfg = Debug|Win32
		{B4105AC0-861A-4EA1-A8E6-93AAC22014FF}.Template|x86.Build.0 = Debug|Win32
		{B4105AC0-861A-4EA1-A8E6-93AAC22014FF}.Unicode Debug Static|Any CPU.ActiveCfg = Debug|Win32
		{B4105AC0-861A-4EA1-A8E6-93AAC22014FF}.Unicode Debug Static|Any CPU.Build.0 = Debug|Win32
		{B4105AC0-861A-4EA1-A8E6-93AAC22014FF}.Unicode Debug Static|x64.ActiveCfg = Debug|Win32
		{B4105AC0-861A-4EA1-A8E6-93AAC22014FF}.Unicode Debug Static|x86.ActiveCfg = Unicode Debug|Win32
		{B4105AC0-861A-4EA1-A8E6-93AAC22014FF}.Unicode Debug|Any CPU.ActiveCfg = Unicode Debug|Win32
		{B4105AC0-861A-4EA1-A8E6-93AAC22014FF}.Unicode Debug|x64.ActiveCfg = Unicode Debug|Win32
		{B4105AC0-861A-4EA1-A8E6-93AAC22014FF}.Unicode Debug|x86.ActiveCfg = Unicode Debug|Win32
		{B4105AC0-861A-4EA1-A8E6-93AAC22014FF}.Unicode Release MinDependency|Any CPU.ActiveCfg = Unicode Release MinDependency|Win32
		{B4105AC0-861A-4EA1-A8E6-93AAC22014FF}.Unicode Release MinDependency|x64.ActiveCfg = Unicode Release MinDependency|Win32
		{B4105AC0-861A-4EA1-A8E6-93AAC22014FF}.Unicode Release MinDependency|x86.ActiveCfg = Unicode Release MinDependency|Win32
		{B4105AC0-861A-4EA1-A8E6-93AAC22014FF}.Unicode Release MinDependency|x86.Build.0 = Unicode Release MinDependency|Win32
		{B4105AC0-861A-4EA1-A8E6-93AAC22014FF}.Unicode Release MinSize|Any CPU.ActiveCfg = Unicode Release MinSize|Win32
		{B4105AC0-861A-4EA1-A8E6-93AAC22014FF}.Unicode Release MinSize|x64.ActiveCfg = Unicode Release MinSize|Win32
		{B4105AC0-861A-4EA1-A8E6-93AAC22014FF}.Unicode Release MinSize|x86.ActiveCfg = Unicode Release MinSize|Win32
		{B4105AC0-861A-4EA1-A8E6-93AAC22014FF}.Unicode Release Static|Any CPU.ActiveCfg = Debug|Win32
		{B4105AC0-861A-4EA1-A8E6-93AAC22014FF}.Unicode Release Static|Any CPU.Build.0 = Debug|Win32
		{B4105AC0-861A-4EA1-A8E6-93AAC22014FF}.Unicode Release Static|x64.ActiveCfg = Debug|Win32
		{B4105AC0-861A-4EA1-A8E6-93AAC22014FF}.Unicode Release Static|x86.ActiveCfg = Unicode Release MinSize|Win32
		{B4105AC0-861A-4EA1-A8E6-93AAC22014FF}.Unicode Release|Any CPU.ActiveCfg = Debug|Win32
		{B4105AC0-861A-4EA1-A8E6-93AAC22014FF}.Unicode Release|Any CPU.Build.0 = Debug|Win32
		{B4105AC0-861A-4EA1-A8E6-93AAC22014FF}.Unicode Release|x64.ActiveCfg = Debug|Win32
		{B4105AC0-861A-4EA1-A8E6-93AAC22014FF}.Unicode Release|x86.ActiveCfg = Unicode Release MinSize|Win32
		{354E119E-63C5-4243-8948-49ABE1272985}.Debug Release Static|Any CPU.ActiveCfg = Debug|Win32
		{354E119E-63C5-4243-8948-49ABE1272985}.Debug Release Static|Any CPU.Build.0 = Debug|Win32
		{354E119E-63C5-4243-8948-49ABE1272985}.Debug Release Static|x64.ActiveCfg = Release|x64
		{354E119E-63C5-4243-8948-49ABE1272985}.Debug Release Static|x64.Build.0 = Release|x64
		{354E119E-63C5-4243-8948-49ABE1272985}.Debug Release Static|x86.ActiveCfg = Release|Win32
		{354E119E-63C5-4243-8948-49ABE1272985}.Debug Static|Any CPU.ActiveCfg = Debug|Win32
		{354E119E-63C5-4243-8948-49ABE1272985}.Debug Static|Any CPU.Build.0 = Debug|Win32
		{354E119E-63C5-4243-8948-49ABE1272985}.Debug Static|x64.ActiveCfg = Debug|x64
		{354E119E-63C5-4243-8948-49ABE1272985}.Debug Static|x64.Build.0 = Debug|x64
		{354E119E-63C5-4243-8948-49ABE1272985}.Debug Static|x86.ActiveCfg = Debug|Win32
		{354E119E-63C5-4243-8948-49ABE1272985}.Debug Static|x86.Build.0 = Debug|Win32
		{354E119E-63C5-4243-8948-49ABE1272985}.Debug|Any CPU.ActiveCfg = Debug|Win32
		{354E119E-63C5-4243-8948-49ABE1272985}.Debug|x64.ActiveCfg = Debug|x64
		{354E119E-63C5-4243-8948-49ABE1272985}.Debug|x86.ActiveCfg = Debug|Win32
		{354E119E-63C5-4243-8948-49ABE1272985}.Release MinDependency|Any CPU.ActiveCfg = Debug|Win32
		{354E119E-63C5-4243-8948-49ABE1272985}.Release MinDependency|Any CPU.Build.0 = Debug|Win32
		{354E119E-63C5-4243-8948-49ABE1272985}.Release MinDependency|x64.ActiveCfg = Release|x64
		{354E119E-63C5-4243-8948-49ABE1272985}.Release MinDependency|x64.Build.0 = Release|x64
		{354E119E-63C5-4243-8948-49ABE1272985}.Release MinDependency|x86.ActiveCfg = Release|Win32
		{354E119E-63C5-4243-8948-49ABE1272985}.Release MinDependency|x86.Build.0 = Release|Win32
		{354E119E-63C5-4243-8948-49ABE1272985}.Release MinSize|Any CPU.ActiveCfg = Debug|Win32
		{354E119E-63C5-4243-8948-49ABE1272985}.Release MinSize|Any CPU.Build.0 = Debug|Win32
		{354E119E-63C5-4243-8948-49ABE1272985}.Release MinSize|x64.ActiveCfg = Release|x64
		{354E119E-63C5-4243-8948-49ABE1272985}.Release MinSize|x64.Build.0 = Release|x64
		{354E119E-63C5-4243-8948-49ABE1272985}.Release MinSize|x86.ActiveCfg = Release|Win32
		{354E119E-63C5-4243-8948-49ABE1272985}.Release MinSize|x86.Build.0 = Release|Win32
		{354E119E-63C5-4243-8948-49ABE1272985}.Release Static|Any CPU.ActiveCfg = Debug|Win32
		{354E119E-63C5-4243-8948-49ABE1272985}.Release Static|Any CPU.Build.0 = Debug|Win32
		{354E119E-63C5-4243-8948-49ABE1272985}.Release Static|x64.ActiveCfg = Release|x64
		{354E119E-63C5-4243-8948-49ABE1272985}.Release Static|x64.Build.0 = Release|x64
		{354E119E-63C5-4243-8948-49ABE1272985}.Release Static|x86.ActiveCfg = Release|Win32
		{354E119E-63C5-4243-8948-49ABE1272985}.Release Static|x86.Build.0 = Release|Win32
		{354E119E-63C5-4243-8948-49ABE1272985}.Release|Any CPU.ActiveCfg = Release|Win32
		{354E119E-63C5-4243-8948-49ABE1272985}.Release|x64.ActiveCfg = Release|x64
		{354E119E-63C5-4243-8948-49ABE1272985}.Release|x64.Build.0 = Release|x64
		{354E119E-63C5-4243-8948-49ABE1272985}.Release|x86.ActiveCfg = Release|Win32
		{354E119E-63C5-4243-8948-49ABE1272985}.Template|Any CPU.ActiveCfg = Debug|Win32
		{354E119E-63C5-4243-8948-49ABE1272985}.Template|Any CPU.Build.0 = Debug|Win32
		{354E119E-63C5-4243-8948-49ABE1272985}.Template|x64.ActiveCfg = Debug|x64
		{354E119E-63C5-4243-8948-49ABE1272985}.Template|x64.Build.0 = Debug|x64
		{354E119E-63C5-4243-8948-49ABE1272985}.Template|x86.ActiveCfg = Debug|Win32
		{354E119E-63C5-4243-8948-49ABE1272985}.Template|x86.Build.0 = Debug|Win32
		{354E119E-63C5-4243-8948-49ABE1272985}.Unicode Debug Static|Any CPU.ActiveCfg = Debug|Win32
		{354E119E-63C5-4243-8948-49ABE1272985}.Unicode Debug Static|Any CPU.Build.0 = Debug|Win32
		{354E119E-63C5-4243-8948-49ABE1272985}.Unicode Debug Static|x64.ActiveCfg = Debug|x64
		{354E119E-63C5-4243-8948-49ABE1272985}.Unicode Debug Static|x86.ActiveCfg = Debug|Win32
		{354E119E-63C5-4243-8948-49ABE1272985}.Unicode Debug|Any CPU.ActiveCfg = Debug|Win32
		{354E119E-63C5-4243-8948-49ABE1272985}.Unicode Debug|Any CPU.Build.0 = Debug|Win32
		{354E119E-63C5-4243-8948-49ABE1272985}.Unicode Debug|x64.ActiveCfg = Debug|x64
		{354E119E-63C5-4243-8948-49ABE1272985}.Unicode Debug|x86.ActiveCfg = Debug|Win32
		{354E119E-63C5-4243-8948-49ABE1272985}.Unicode Release MinDependency|Any CPU.ActiveCfg = Debug|Win32
		{354E119E-63C5-4243-8948-49ABE1272985}.Unicode Release MinDependency|Any CPU.Build.0 = Debug|Win32
		{354E119E-63C5-4243-8948-49ABE1272985}.Unicode Release MinDependency|x64.ActiveCfg = Release|x64
		{354E119E-63C5-4243-8948-49ABE1272985}.Unicode Release MinDependency|x86.ActiveCfg = Release|Win32
		{354E119E-63C5-4243-8948-49ABE1272985}.Unicode Release MinDependency|x86.Build.0 = Release|Win32
		{354E119E-63C5-4243-8948-49ABE1272985}.Unicode Release MinSize|Any CPU.ActiveCfg = Debug|Win32
		{354E119E-63C5-4243-8948-49ABE1272985}.Unicode Release MinSize|Any CPU.Build.0 = Debug|Win32
		{354E119E-63C5-4243-8948-49ABE1272985}.Unicode Release MinSize|x64.ActiveCfg = Release|x64
		{354E119E-63C5-4243-8948-49ABE1272985}.Unicode Release MinSize|x86.ActiveCfg = Release|Win32
		{354E119E-63C5-4243-8948-49ABE1272985}.Unicode Release Static|Any CPU.ActiveCfg = Debug|Win32
		{354E119E-63C5-4243-8948-49ABE1272985}.Unicode Release Static|Any CPU.Build.0 = Debug|Win32
		{354E119E-63C5-4243-8948-49ABE1272985}.Unicode Release Static|x64.ActiveCfg = Release|x64
		{354E119E-63C5-4243-8948-49ABE1272985}.Unicode Release Static|x86.ActiveCfg = Release|Win32
		{354E119E-63C5-4243-8948-49ABE1272985}.Unicode Release|Any CPU.ActiveCfg = Debug|Win32
		{354E119E-63C5-4243-8948-49ABE1272985}.Unicode Release|Any CPU.Build.0 = Debug|Win32
		{354E119E-63C5-4243-8948-49ABE1272985}.Unicode Release|x64.ActiveCfg = Release|x64
		{354E119E-63C5-4243-8948-49ABE1272985}.Unicode Release|x86.ActiveCfg = Release|Win32
		{758141C0-EBB6-4356-A336-092755D9D169}.Debug Release Static|Any CPU.ActiveCfg = Debug|Win32
		{758141C0-EBB6-4356-A336-092755D9D169}.Debug Release Static|Any CPU.Build.0 = Debug|Win32
		{758141C0-EBB6-4356-A336-092755D9D169}.Debug Release Static|x64.ActiveCfg = Release|x64
		{758141C0-EBB6-4356-A336-092755D9D169}.Debug Release Static|x64.Build.0 = Release|x64
		{758141C0-EBB6-4356-A336-092755D9D169}.Debug Release Static|x86.ActiveCfg = Release|Win32
		{758141C0-EBB6-4356-A336-092755D9D169}.Debug Static|Any CPU.ActiveCfg = Debug|Win32
		{758141C0-EBB6-4356-A336-092755D9D169}.Debug Static|Any CPU.Build.0 = Debug|Win32
		{758141C0-EBB6-4356-A336-092755D9D169}.Debug Static|x64.ActiveCfg = Debug|x64
		{758141C0-EBB6-4356-A336-092755D9D169}.Debug Static|x64.Build.0 = Debug|x64
		{758141C0-EBB6-4356-A336-092755D9D169}.Debug Static|x86.ActiveCfg = Debug|Win32
		{758141C0-EBB6-4356-A336-092755D9D169}.Debug Static|x86.Build.0 = Debug|Win32
		{758141C0-EBB6-4356-A336-092755D9D169}.Debug|Any CPU.ActiveCfg = Debug|Win32
		{758141C0-EBB6-4356-A336-092755D9D169}.Debug|x64.ActiveCfg = Debug|x64
		{758141C0-EBB6-4356-A336-092755D9D169}.Debug|x86.ActiveCfg = Debug|Win32
		{758141C0-EBB6-4356-A336-092755D9D169}.Release MinDependency|Any CPU.ActiveCfg = Debug|Win32
		{758141C0-EBB6-4356-A336-092755D9D169}.Release MinDependency|Any CPU.Build.0 = Debug|Win32
		{758141C0-EBB6-4356-A336-092755D9D169}.Release MinDependency|x64.ActiveCfg = Release|x64
		{758141C0-EBB6-4356-A336-092755D9D169}.Release MinDependency|x64.Build.0 = Release|x64
		{758141C0-EBB6-4356-A336-092755D9D169}.Release MinDependency|x86.ActiveCfg = Release|Win32
		{758141C0-EBB6-4356-A336-092755D9D169}.Release MinDependency|x86.Build.0 = Release|Win32
		{758141C0-EBB6-4356-A336-092755D9D169}.Release MinSize|Any CPU.ActiveCfg = Debug|Win32
		{758141C0-EBB6-4356-A336-092755D9D169}.Release MinSize|Any CPU.Build.0 = Debug|Win32
		{758141C0-EBB6-4356-A336-092755D9D169}.Release MinSize|x64.ActiveCfg = Release|x64
		{758141C0-EBB6-4356-A336-092755D9D169}.Release MinSize|x64.Build.0 = Release|x64
		{758141C0-EBB6-4356-A336-092755D9D169}.Release MinSize|x86.ActiveCfg = Release|Win32
		{758141C0-EBB6-4356-A336-092755D9D169}.Release MinSize|x86.Build.0 = Release|Win32
		{758141C0-EBB6-4356-A336-092755D9D169}.Release Static|Any CPU.ActiveCfg = Debug|Win32
		{758141C0-EBB6-4356-A336-092755D9D169}.Release Static|Any CPU.Build.0 = Debug|Win32
		{758141C0-EBB6-4356-A336-092755D9D169}.Release Static|x64.ActiveCfg = Release|x64
		{758141C0-EBB6-4356-A336-092755D9D169}.Release Static|x64.Build.0 = Release|x64
		{758141C0-EBB6-4356-A336-092755D9D169}.Release Static|x86.ActiveCfg = Release|Win32
		{758141C0-EBB6-4356-A336-092755D9D169}.Release Static|x86.Build.0 = Release|Win32
		{758141C0-EBB6-4356-A336-092755D9D169}.Release|Any CPU.ActiveCfg = Release|Win32
		{758141C0-EBB6-4356-A336-092755D9D169}.Release|x64.ActiveCfg = Release|x64
		{758141C0-EBB6-4356-A336-092755D9D169}.Release|x64.Build.0 = Release|x64
		{758141C0-EBB6-4356-A336-092755D9D169}.Release|x86.ActiveCfg = Release|Win32
		{758141C0-EBB6-4356-A336-092755D9D169}.Template|Any CPU.ActiveCfg = Debug|Win32
		{758141C0-EBB6-4356-A336-092755D9D169}.Template|Any CPU.Build.0 = Debug|Win32
		{758141C0-EBB6-4356-A336-092755D9D169}.Template|x64.ActiveCfg = Debug|x64
		{758141C0-EBB6-4356-A336-092755D9D169}.Template|x64.Build.0 = Debug|x64
		{758141C0-EBB6-4356-A336-092755D9D169}.Template|x86.ActiveCfg = Debug|Win32
		{758141C0-EBB6-4356-A336-092755D9D169}.Template|x86.Build.0 = Debug|Win32
		{758141C0-EBB6-4356-A336-092755D9D169}.Unicode Debug Static|Any CPU.ActiveCfg = Debug|Win32
		{758141C0-EBB6-4356-A336-092755D9D169}.Unicode Debug Static|Any CPU.Build.0 = Debug|Win32
		{758141C0-EBB6-4356-A336-092755D9D169}.Unicode Debug Static|x64.ActiveCfg = Debug|x64
		{758141C0-EBB6-4356-A336-092755D9D169}.Unicode Debug Static|x86.ActiveCfg = Debug|Win32
		{758141C0-EBB6-4356-A336-092755D9D169}.Unicode Debug|Any CPU.ActiveCfg = Debug|Win32
		{758141C0-EBB6-4356-A336-092755D9D169}.Unicode Debug|Any CPU.Build.0 = Debug|Win32
		{758141C0-EBB6-4356-A336-092755D9D169}.Unicode Debug|x64.ActiveCfg = Debug|x64
		{758141C0-EBB6-4356-A336-092755D9D169}.Unicode Debug|x86.ActiveCfg = Debug|Win32
		{758141C0-EBB6-4356-A336-092755D9D169}.Unicode Release MinDependency|Any CPU.ActiveCfg = Debug|Win32
		{758141C0-EBB6-4356-A336-092755D9D169}.Unicode Release MinDependency|Any CPU.Build.0 = Debug|Win32
		{758141C0-EBB6-4356-A336-092755D9D169}.Unicode Release MinDependency|x64.ActiveCfg = Release|x64
		{758141C0-EBB6-4356-A336-092755D9D169}.Unicode Release MinDependency|x86.ActiveCfg = Release|Win32
		{758141C0-EBB6-4356-A336-092755D9D169}.Unicode Release MinDependency|x86.Build.0 = Release|Win32
		{758141C0-EBB6-4356-A336-092755D9D169}.Unicode Release MinSize|Any CPU.ActiveCfg = Debug|Win32
		{758141C0-EBB6-4356-A336-092755D9D169}.Unicode Release MinSize|Any CPU.Build.0 = Debug|Win32
		{758141C0-EBB6-4356-A336-092755D9D169}.Unicode Release MinSize|x64.ActiveCfg = Release|x64
		{758141C0-EBB6-4356-A336-092755D9D169}.Unicode Release MinSize|x86.ActiveCfg = Release|Win32
		{758141C0-EBB6-4356-A336-092755D9D169}.Unicode Release Static|Any CPU.ActiveCfg = Debug|Win32
		{758141C0-EBB6-4356-A336-092755D9D169}.Unicode Release Static|Any CPU.Build.0 = Debug|Win32
		{758141C0-EBB6-4356-A336-092755D9D169}.Unicode Release Static|x64.ActiveCfg = Release|x64
		{758141C0-EBB6-4356-A336-092755D9D169}.Unicode Release Static|x86.ActiveCfg = Release|Win32
		{758141C0-EBB6-4356-A336-092755D9D169}.Unicode Release|Any CPU.ActiveCfg = Debug|Win32
		{758141C0-EBB6-4356-A336-092755D9D169}.Unicode Release|Any CPU.Build.0 = Debug|Win32
		{758141C0-EBB6-4356-A336-092755D9D169}.Unicode Release|x64.ActiveCfg = Release|x64
		{758141C0-EBB6-4356-A336-092755D9D169}.Unicode Release|x86.ActiveCfg = Release|Win32
		{CD55AB26-5CE1-4355-83BE-84D528DF0FE5}.Debug Release Static|Any CPU.ActiveCfg = Debug|Win32
		{CD55AB26-5CE1-4355-83BE-84D528DF0FE5}.Debug Release Static|Any CPU.Build.0 = Debug|Win32
		{CD55AB26-5CE1-4355-83BE-84D528DF0FE5}.Debug Release Static|x64.ActiveCfg = Release|x64
		{CD55AB26-5CE1-4355-83BE-84D528DF0FE5}.Debug Release Static|x64.Build.0 = Release|x64
		{CD55AB26-5CE1-4355-83BE-84D528DF0FE5}.Debug Release Static|x86.ActiveCfg = Release|Win32
		{CD55AB26-5CE1-4355-83BE-84D528DF0FE5}.Debug Static|Any CPU.ActiveCfg = Debug|Win32
		{CD55AB26-5CE1-4355-83BE-84D528DF0FE5}.Debug Static|Any CPU.Build.0 = Debug|Win32
		{CD55AB26-5CE1-4355-83BE-84D528DF0FE5}.Debug Static|x64.ActiveCfg = Debug|x64
		{CD55AB26-5CE1-4355-83BE-84D528DF0FE5}.Debug Static|x64.Build.0 = Debug|x64
		{CD55AB26-5CE1-4355-83BE-84D528DF0FE5}.Debug Static|x86.ActiveCfg = Debug|Win32
		{CD55AB26-5CE1-4355-83BE-84D528DF0FE5}.Debug Static|x86.Build.0 = Debug|Win32
		{CD55AB26-5CE1-4355-83BE-84D528DF0FE5}.Debug|Any CPU.ActiveCfg = Debug|Win32
		{CD55AB26-5CE1-4355-83BE-84D528DF0FE5}.Debug|x64.ActiveCfg = Debug|x64
		{CD55AB26-5CE1-4355-83BE-84D528DF0FE5}.Debug|x86.ActiveCfg = Debug|Win32
		{CD55AB26-5CE1-4355-83BE-84D528DF0FE5}.Release MinDependency|Any CPU.ActiveCfg = Debug|Win32
		{CD55AB26-5CE1-4355-83BE-84D528DF0FE5}.Release MinDependency|Any CPU.Build.0 = Debug|Win32
		{CD55AB26-5CE1-4355-83BE-84D528DF0FE5}.Release MinDependency|x64.ActiveCfg = Release|x64
		{CD55AB26-5CE1-4355-83BE-84D528DF0FE5}.Release MinDependency|x64.Build.0 = Release|x64
		{CD55AB26-5CE1-4355-83BE-84D528DF0FE5}.Release MinDependency|x86.ActiveCfg = Release|Win32
		{CD55AB26-5CE1-4355-83BE-84D528DF0FE5}.Release MinDependency|x86.Build.0 = Release|Win32
		{CD55AB26-5CE1-4355-83BE-84D528DF0FE5}.Release MinSize|Any CPU.ActiveCfg = Debug|Win32
		{CD55AB26-5CE1-4355-83BE-84D528DF0FE5}.Release MinSize|Any CPU.Build.0 = Debug|Win32
		{CD55AB26-5CE1-4355-83BE-84D528DF0FE5}.Release MinSize|x64.ActiveCfg = Release|x64
		{CD55AB26-5CE1-4355-83BE-84D528DF0FE5}.Release MinSize|x64.Build.0 = Release|x64
		{CD55AB26-5CE1-4355-83BE-84D528DF0FE5}.Release MinSize|x86.ActiveCfg = Release|Win32
		{CD55AB26-5CE1-4355-83BE-84D528DF0FE5}.Release MinSize|x86.Build.0 = Release|Win32
		{CD55AB26-5CE1-4355-83BE-84D528DF0FE5}.Release Static|Any CPU.ActiveCfg = Debug|Win32
		{CD55AB26-5CE1-4355-83BE-84D528DF0FE5}.Release Static|Any CPU.Build.0 = Debug|Win32
		{CD55AB26-5CE1-4355-83BE-84D528DF0FE5}.Release Static|x64.ActiveCfg = Release|x64
		{CD55AB26-5CE1-4355-83BE-84D528DF0FE5}.Release Static|x64.Build.0 = Release|x64
		{CD55AB26-5CE1-4355-83BE-84D528DF0FE5}.Release Static|x86.ActiveCfg = Release|Win32
		{CD55AB26-5CE1-4355-83BE-84D528DF0FE5}.Release Static|x86.Build.0 = Release|Win32
		{CD55AB26-5CE1-4355-83BE-84D528DF0FE5}.Release|Any CPU.ActiveCfg = Release|Win32
		{CD55AB26-5CE1-4355-83BE-84D528DF0FE5}.Release|x64.ActiveCfg = Release|x64
		{CD55AB26-5CE1-4355-83BE-84D528DF0FE5}.Release|x64.Build.0 = Release|x64
		{CD55AB26-5CE1-4355-83BE-84D528DF0FE5}.Release|x86.ActiveCfg = Release|Win32
		{CD55AB26-5CE1-4355-83BE-84D528DF0FE5}.Template|Any CPU.ActiveCfg = Debug|Win32
		{CD55AB26-5CE1-4355-83BE-84D528DF0FE5}.Template|Any CPU.Build.0 = Debug|Win32
		{CD55AB26-5CE1-4355-83BE-84D528DF0FE5}.Template|x64.ActiveCfg = Debug|x64
		{CD55AB26-5CE1-4355-83BE-84D528DF0FE5}.Template|x64.Build.0 = Debug|x64
		{CD55AB26-5CE1-4355-83BE-84D528DF0FE5}.Template|x86.ActiveCfg = Debug|Win32
		{CD55AB26-5CE1-4355-83BE-84D528DF0FE5}.Template|x86.Build.0 = Debug|Win32
		{CD55AB26-5CE1-4355-83BE-84D528DF0FE5}.Unicode Debug Static|Any CPU.ActiveCfg = Debug|Win32
		{CD55AB26-5CE1-4355-83BE-84D528DF0FE5}.Unicode Debug Static|Any CPU.Build.0 = Debug|Win32
		{CD55AB26-5CE1-4355-83BE-84D528DF0FE5}.Unicode Debug Static|x64.ActiveCfg = Debug|x64
		{CD55AB26-5CE1-4355-83BE-84D528DF0FE5}.Unicode Debug Static|x86.ActiveCfg = Debug|Win32
		{CD55AB26-5CE1-4355-83BE-84D528DF0FE5}.Unicode Debug|Any CPU.ActiveCfg = Debug|Win32
		{CD55AB26-5CE1-4355-83BE-84D528DF0FE5}.Unicode Debug|Any CPU.Build.0 = Debug|Win32
		{CD55AB26-5CE1-4355-83BE-84D528DF0FE5}.Unicode Debug|x64.ActiveCfg = Debug|x64
		{CD55AB26-5CE1-4355-83BE-84D528DF0FE5}.Unicode Debug|x86.ActiveCfg = Debug|Win32
		{CD55AB26-5CE1-4355-83BE-84D528DF0FE5}.Unicode Release MinDependency|Any CPU.ActiveCfg = Debug|Win32
		{CD55AB26-5CE1-4355-83BE-84D528DF0FE5}.Unicode Release MinDependency|Any CPU.Build.0 = Debug|Win32
		{CD55AB26-5CE1-4355-83BE-84D528DF0FE5}.Unicode Release MinDependency|x64.ActiveCfg = Release|x64
		{CD55AB26-5CE1-4355-83BE-84D528DF0FE5}.Unicode Release MinDependency|x86.ActiveCfg = Release|Win32
		{CD55AB26-5CE1-4355-83BE-84D528DF0FE5}.Unicode Release MinDependency|x86.Build.0 = Release|Win32
		{CD55AB26-5CE1-4355-83BE-84D528DF0FE5}.Unicode Release MinSize|Any CPU.ActiveCfg = Debug|Win32
		{CD55AB26-5CE1-4355-83BE-84D528DF0FE5}.Unicode Release MinSize|Any CPU.Build.0 = Debug|Win32
		{CD55AB26-5CE1-4355-83BE-84D528DF0FE5}.Unicode Release MinSize|x64.ActiveCfg = Release|x64
		{CD55AB26-5CE1-4355-83BE-84D528DF0FE5}.Unicode Release MinSize|x86.ActiveCfg = Release|Win32
		{CD55AB26-5CE1-4355-83BE-84D528DF0FE5}.Unicode Release Static|Any CPU.ActiveCfg = Debug|Win32
		{CD55AB26-5CE1-4355-83BE-84D528DF0FE5}.Unicode Release Static|Any CPU.Build.0 = Debug|Win32
		{CD55AB26-5CE1-4355-83BE-84D528DF0FE5}.Unicode Release Static|x64.ActiveCfg = Release|x64
		{CD55AB26-5CE1-4355-83BE-84D528DF0FE5}.Unicode Release Static|x86.ActiveCfg = Release|Win32
		{CD55AB26-5CE1-4355-83BE-84D528DF0FE5}.Unicode Release|Any CPU.ActiveCfg = Debug|Win32
		{CD55AB26-5CE1-4355-83BE-84D528DF0FE5}.Unicode Release|Any CPU.Build.0 = Debug|Win32
		{CD55AB26-5CE1-4355-83BE-84D528DF0FE5}.Unicode Release|x64.ActiveCfg = Release|x64
		{CD55AB26-5CE1-4355-83BE-84D528DF0FE5}.Unicode Release|x86.ActiveCfg = Release|Win32
		{CA75F0C4-02B6-4430-85FE-323692D610B6}.Debug Release Static|Any CPU.ActiveCfg = Debug|Win32
		{CA75F0C4-02B6-4430-85FE-323692D610B6}.Debug Release Static|Any CPU.Build.0 = Debug|Win32
		{CA75F0C4-02B6-4430-85FE-323692D610B6}.Debug Release Static|x64.ActiveCfg = Release|x64
		{CA75F0C4-02B6-4430-85FE-323692D610B6}.Debug Release Static|x64.Build.0 = Release|x64
		{CA75F0C4-02B6-4430-85FE-323692D610B6}.Debug Release Static|x86.ActiveCfg = Release|Win32
		{CA75F0C4-02B6-4430-85FE-323692D610B6}.Debug Static|Any CPU.ActiveCfg = Debug|Win32
		{CA75F0C4-02B6-4430-85FE-323692D610B6}.Debug Static|Any CPU.Build.0 = Debug|Win32
		{CA75F0C4-02B6-4430-85FE-323692D610B6}.Debug Static|x64.ActiveCfg = Debug|x64
		{CA75F0C4-02B6-4430-85FE-323692D610B6}.Debug Static|x64.Build.0 = Debug|x64
		{CA75F0C4-02B6-4430-85FE-323692D610B6}.Debug Static|x86.ActiveCfg = Debug|Win32
		{CA75F0C4-02B6-4430-85FE-323692D610B6}.Debug Static|x86.Build.0 = Debug|Win32
		{CA75F0C4-02B6-4430-85FE-323692D610B6}.Debug|Any CPU.ActiveCfg = Debug|Win32
		{CA75F0C4-02B6-4430-85FE-323692D610B6}.Debug|x64.ActiveCfg = Debug|x64
		{CA75F0C4-02B6-4430-85FE-323692D610B6}.Debug|x86.ActiveCfg = Debug|Win32
		{CA75F0C4-02B6-4430-85FE-323692D610B6}.Release MinDependency|Any CPU.ActiveCfg = Debug|Win32
		{CA75F0C4-02B6-4430-85FE-323692D610B6}.Release MinDependency|Any CPU.Build.0 = Debug|Win32
		{CA75F0C4-02B6-4430-85FE-323692D610B6}.Release MinDependency|x64.ActiveCfg = Release|x64
		{CA75F0C4-02B6-4430-85FE-323692D610B6}.Release MinDependency|x64.Build.0 = Release|x64
		{CA75F0C4-02B6-4430-85FE-323692D610B6}.Release MinDependency|x86.ActiveCfg = Release|Win32
		{CA75F0C4-02B6-4430-85FE-323692D610B6}.Release MinDependency|x86.Build.0 = Release|Win32
		{CA75F0C4-02B6-4430-85FE-323692D610B6}.Release MinSize|Any CPU.ActiveCfg = Debug|Win32
		{CA75F0C4-02B6-4430-85FE-323692D610B6}.Release MinSize|Any CPU.Build.0 = Debug|Win32
		{CA75F0C4-02B6-4430-85FE-323692D610B6}.Release MinSize|x64.ActiveCfg = Release|x64
		{CA75F0C4-02B6-4430-85FE-323692D610B6}.Release MinSize|x64.Build.0 = Release|x64
		{CA75F0C4-02B6-4430-85FE-323692D610B6}.Release MinSize|x86.ActiveCfg = Release|Win32
		{CA75F0C4-02B6-4430-85FE-323692D610B6}.Release MinSize|x86.Build.0 = Release|Win32
		{CA75F0C4-02B6-4430-85FE-323692D610B6}.Release Static|Any CPU.ActiveCfg = Debug|Win32
		{CA75F0C4-02B6-4430-85FE-323692D610B6}.Release Static|Any CPU.Build.0 = Debug|Win32
		{CA75F0C4-02B6-4430-85FE-323692D610B6}.Release Static|x64.ActiveCfg = Release|x64
		{CA75F0C4-02B6-4430-85FE-323692D610B6}.Release Static|x64.Build.0 = Release|x64
		{CA75F0C4-02B6-4430-85FE-323692D610B6}.Release Static|x86.ActiveCfg = Release|Win32
		{CA75F0C4-02B6-4430-85FE-323692D610B6}.Release Static|x86.Build.0 = Release|Win32
		{CA75F0C4-02B6-4430-85FE-323692D610B6}.Release|Any CPU.ActiveCfg = Release|Win32
		{CA75F0C4-02B6-4430-85FE-323692D610B6}.Release|x64.ActiveCfg = Release|x64
		{CA75F0C4-02B6-4430-85FE-323692D610B6}.Release|x64.Build.0 = Release|x64
		{CA75F0C4-02B6-4430-85FE-323692D610B6}.Release|x86.ActiveCfg = Release|Win32
		{CA75F0C4-02B6-4430-85FE-323692D610B6}.Template|Any CPU.ActiveCfg = Debug|Win32
		{CA75F0C4-02B6-4430-85FE-323692D610B6}.Template|Any CPU.Build.0 = Debug|Win32
		{CA75F0C4-02B6-4430-85FE-323692D610B6}.Template|x64.ActiveCfg = Debug|x64
		{CA75F0C4-02B6-4430-85FE-323692D610B6}.Template|x64.Build.0 = Debug|x64
		{CA75F0C4-02B6-4430-85FE-323692D610B6}.Template|x86.ActiveCfg = Debug|Win32
		{CA75F0C4-02B6-4430-85FE-323692D610B6}.Template|x86.Build.0 = Debug|Win32
		{CA75F0C4-02B6-4430-85FE-323692D610B6}.Unicode Debug Static|Any CPU.ActiveCfg = Debug|Win32
		{CA75F0C4-02B6-4430-85FE-323692D610B6}.Unicode Debug Static|Any CPU.Build.0 = Debug|Win32
		{CA75F0C4-02B6-4430-85FE-323692D610B6}.Unicode Debug Static|x64.ActiveCfg = Debug|x64
		{CA75F0C4-02B6-4430-85FE-323692D610B6}.Unicode Debug Static|x86.ActiveCfg = Debug|Win32
		{CA75F0C4-02B6-4430-85FE-323692D610B6}.Unicode Debug|Any CPU.ActiveCfg = Debug|Win32
		{CA75F0C4-02B6-4430-85FE-323692D610B6}.Unicode Debug|Any CPU.Build.0 = Debug|Win32
		{CA75F0C4-02B6-4430-85FE-323692D610B6}.Unicode Debug|x64.ActiveCfg = Debug|x64
		{CA75F0C4-02B6-4430-85FE-323692D610B6}.Unicode Debug|x86.ActiveCfg = Debug|Win32
		{CA75F0C4-02B6-4430-85FE-323692D610B6}.Unicode Release MinDependency|Any CPU.ActiveCfg = Debug|Win32
		{CA75F0C4-02B6-4430-85FE-323692D610B6}.Unicode Release MinDependency|Any CPU.Build.0 = Debug|Win32
		{CA75F0C4-02B6-4430-85FE-323692D610B6}.Unicode Release MinDependency|x64.ActiveCfg = Release|x64
		{CA75F0C4-02B6-4430-85FE-323692D610B6}.Unicode Release MinDependency|x86.ActiveCfg = Release|Win32
		{CA75F0C4-02B6-4430-85FE-323692D610B6}.Unicode Release MinDependency|x86.Build.0 = Release|Win32
		{CA75F0C4-02B6-4430-85FE-323692D610B6}.Unicode Release MinSize|Any CPU.ActiveCfg = Debug|Win32
		{CA75F0C4-02B6-4430-85FE-323692D610B6}.Unicode Release MinSize|Any CPU.Build.0 = Debug|Win32
		{CA75F0C4-02B6-4430-85FE-323692D610B6}.Unicode Release MinSize|x64.ActiveCfg = Release|x64
		{CA75F0C4-02B6-4430-85FE-323692D610B6}.Unicode Release MinSize|x86.ActiveCfg = Release|Win32
		{CA75F0C4-02B6-4430-85FE-323692D610B6}.Unicode Release Static|Any CPU.ActiveCfg = Debug|Win32
		{CA75F0C4-02B6-4430-85FE-323692D610B6}.Unicode Release Static|Any CPU.Build.0 = Debug|Win32
		{CA75F0C4-02B6-4430-85FE-323692D610B6}.Unicode Release Static|x64.ActiveCfg = Release|x64
		{CA75F0C4-02B6-4430-85FE-323692D610B6}.Unicode Release Static|x86.ActiveCfg = Release|Win32
		{CA75F0C4-02B6-4430-85FE-323692D610B6}.Unicode Release|Any CPU.ActiveCfg = Debug|Win32
		{CA75F0C4-02B6-4430-85FE-323692D610B6}.Unicode Release|Any CPU.Build.0 = Debug|Win32
		{CA75F0C4-02B6-4430-85FE-323692D610B6}.Unicode Release|x64.ActiveCfg = Release|x64
		{CA75F0C4-02B6-4430-85FE-323692D610B6}.Unicode Release|x86.ActiveCfg = Release|Win32
		{C5D8D2AB-B7EB-44B6-A0C8-33D8442347B7}.Debug Release Static|Any CPU.ActiveCfg = Debug|Win32
		{C5D8D2AB-B7EB-44B6-A0C8-33D8442347B7}.Debug Release Static|Any CPU.Build.0 = Debug|Win32
		{C5D8D2AB-B7EB-44B6-A0C8-33D8442347B7}.Debug Release Static|x64.ActiveCfg = Debug|Win32
		{C5D8D2AB-B7EB-44B6-A0C8-33D8442347B7}.Debug Release Static|x64.Build.0 = Debug|Win32
		{C5D8D2AB-B7EB-44B6-A0C8-33D8442347B7}.Debug Release Static|x86.ActiveCfg = Release Static|Win32
		{C5D8D2AB-B7EB-44B6-A0C8-33D8442347B7}.Debug Static|Any CPU.ActiveCfg = Debug Static|Win32
		{C5D8D2AB-B7EB-44B6-A0C8-33D8442347B7}.Debug Static|x64.ActiveCfg = Debug Static|Win32
		{C5D8D2AB-B7EB-44B6-A0C8-33D8442347B7}.Debug Static|x86.ActiveCfg = Debug Static|Win32
		{C5D8D2AB-B7EB-44B6-A0C8-33D8442347B7}.Debug Static|x86.Build.0 = Debug Static|Win32
		{C5D8D2AB-B7EB-44B6-A0C8-33D8442347B7}.Debug|Any CPU.ActiveCfg = Debug|Win32
		{C5D8D2AB-B7EB-44B6-A0C8-33D8442347B7}.Debug|x64.ActiveCfg = Debug|Win32
		{C5D8D2AB-B7EB-44B6-A0C8-33D8442347B7}.Debug|x86.ActiveCfg = Debug|Win32
		{C5D8D2AB-B7EB-44B6-A0C8-33D8442347B7}.Release MinDependency|Any CPU.ActiveCfg = Debug|Win32
		{C5D8D2AB-B7EB-44B6-A0C8-33D8442347B7}.Release MinDependency|Any CPU.Build.0 = Debug|Win32
		{C5D8D2AB-B7EB-44B6-A0C8-33D8442347B7}.Release MinDependency|x64.ActiveCfg = Debug|Win32
		{C5D8D2AB-B7EB-44B6-A0C8-33D8442347B7}.Release MinDependency|x64.Build.0 = Debug|Win32
		{C5D8D2AB-B7EB-44B6-A0C8-33D8442347B7}.Release MinDependency|x86.ActiveCfg = Release Static|Win32
		{C5D8D2AB-B7EB-44B6-A0C8-33D8442347B7}.Release MinDependency|x86.Build.0 = Release Static|Win32
		{C5D8D2AB-B7EB-44B6-A0C8-33D8442347B7}.Release MinSize|Any CPU.ActiveCfg = Debug|Win32
		{C5D8D2AB-B7EB-44B6-A0C8-33D8442347B7}.Release MinSize|Any CPU.Build.0 = Debug|Win32
		{C5D8D2AB-B7EB-44B6-A0C8-33D8442347B7}.Release MinSize|x64.ActiveCfg = Debug|Win32
		{C5D8D2AB-B7EB-44B6-A0C8-33D8442347B7}.Release MinSize|x64.Build.0 = Debug|Win32
		{C5D8D2AB-B7EB-44B6-A0C8-33D8442347B7}.Release MinSize|x86.ActiveCfg = Release Static|Win32
		{C5D8D2AB-B7EB-44B6-A0C8-33D8442347B7}.Release MinSize|x86.Build.0 = Release Static|Win32
		{C5D8D2AB-B7EB-44B6-A0C8-33D8442347B7}.Release Static|Any CPU.ActiveCfg = Release Static|Win32
		{C5D8D2AB-B7EB-44B6-A0C8-33D8442347B7}.Release Static|x64.ActiveCfg = Release Static|Win32
		{C5D8D2AB-B7EB-44B6-A0C8-33D8442347B7}.Release Static|x86.ActiveCfg = Release Static|Win32
		{C5D8D2AB-B7EB-44B6-A0C8-33D8442347B7}.Release Static|x86.Build.0 = Release Static|Win32
		{C5D8D2AB-B7EB-44B6-A0C8-33D8442347B7}.Release|Any CPU.ActiveCfg = Release|Win32
		{C5D8D2AB-B7EB-44B6-A0C8-33D8442347B7}.Release|x64.ActiveCfg = Release|Win32
		{C5D8D2AB-B7EB-44B6-A0C8-33D8442347B7}.Release|x86.ActiveCfg = Release|Win32
		{C5D8D2AB-B7EB-44B6-A0C8-33D8442347B7}.Template|Any CPU.ActiveCfg = Debug|Win32
		{C5D8D2AB-B7EB-44B6-A0C8-33D8442347B7}.Template|Any CPU.Build.0 = Debug|Win32
		{C5D8D2AB-B7EB-44B6-A0C8-33D8442347B7}.Template|x64.ActiveCfg = Debug|Win32
		{C5D8D2AB-B7EB-44B6-A0C8-33D8442347B7}.Template|x64.Build.0 = Debug|Win32
		{C5D8D2AB-B7EB-44B6-A0C8-33D8442347B7}.Template|x86.ActiveCfg = Debug|Win32
		{C5D8D2AB-B7EB-44B6-A0C8-33D8442347B7}.Template|x86.Build.0 = Debug|Win32
		{C5D8D2AB-B7EB-44B6-A0C8-33D8442347B7}.Unicode Debug Static|Any CPU.ActiveCfg = Unicode Debug Static|Win32
		{C5D8D2AB-B7EB-44B6-A0C8-33D8442347B7}.Unicode Debug Static|x64.ActiveCfg = Unicode Debug Static|Win32
		{C5D8D2AB-B7EB-44B6-A0C8-33D8442347B7}.Unicode Debug Static|x86.ActiveCfg = Unicode Debug Static|Win32
		{C5D8D2AB-B7EB-44B6-A0C8-33D8442347B7}.Unicode Debug|Any CPU.ActiveCfg = Unicode Debug|Win32
		{C5D8D2AB-B7EB-44B6-A0C8-33D8442347B7}.Unicode Debug|x64.ActiveCfg = Unicode Debug|Win32
		{C5D8D2AB-B7EB-44B6-A0C8-33D8442347B7}.Unicode Debug|x86.ActiveCfg = Unicode Debug|Win32
		{C5D8D2AB-B7EB-44B6-A0C8-33D8442347B7}.Unicode Release MinDependency|Any CPU.ActiveCfg = Debug|Win32
		{C5D8D2AB-B7EB-44B6-A0C8-33D8442347B7}.Unicode Release MinDependency|Any CPU.Build.0 = Debug|Win32
		{C5D8D2AB-B7EB-44B6-A0C8-33D8442347B7}.Unicode Release MinDependency|x64.ActiveCfg = Debug|Win32
		{C5D8D2AB-B7EB-44B6-A0C8-33D8442347B7}.Unicode Release MinDependency|x86.ActiveCfg = Unicode Release Static|Win32
		{C5D8D2AB-B7EB-44B6-A0C8-33D8442347B7}.Unicode Release MinDependency|x86.Build.0 = Unicode Release Static|Win32
		{C5D8D2AB-B7EB-44B6-A0C8-33D8442347B7}.Unicode Release MinSize|Any CPU.ActiveCfg = Debug|Win32
		{C5D8D2AB-B7EB-44B6-A0C8-33D8442347B7}.Unicode Release MinSize|Any CPU.Build.0 = Debug|Win32
		{C5D8D2AB-B7EB-44B6-A0C8-33D8442347B7}.Unicode Release MinSize|x64.ActiveCfg = Debug|Win32
		{C5D8D2AB-B7EB-44B6-A0C8-33D8442347B7}.Unicode Release MinSize|x86.ActiveCfg = Unicode Release Static|Win32
		{C5D8D2AB-B7EB-44B6-A0C8-33D8442347B7}.Unicode Release Static|Any CPU.ActiveCfg = Unicode Release Static|Win32
		{C5D8D2AB-B7EB-44B6-A0C8-33D8442347B7}.Unicode Release Static|x64.ActiveCfg = Unicode Release Static|Win32
		{C5D8D2AB-B7EB-44B6-A0C8-33D8442347B7}.Unicode Release Static|x86.ActiveCfg = Unicode Release Static|Win32
		{C5D8D2AB-B7EB-44B6-A0C8-33D8442347B7}.Unicode Release Static|x86.Build.0 = Unicode Release Static|Win32
		{C5D8D2AB-B7EB-44B6-A0C8-33D8442347B7}.Unicode Release|Any CPU.ActiveCfg = Unicode Release|Win32
		{C5D8D2AB-B7EB-44B6-A0C8-33D8442347B7}.Unicode Release|x64.ActiveCfg = Unicode Release|Win32
		{C5D8D2AB-B7EB-44B6-A0C8-33D8442347B7}.Unicode Release|x86.ActiveCfg = Unicode Release|Win32
		{5E606191-92D7-44F9-AEF5-632C0499C703}.Debug Release Static|Any CPU.ActiveCfg = Debug Release Static|Win32
		{5E606191-92D7-44F9-AEF5-632C0499C703}.Debug Release Static|x64.ActiveCfg = Debug Release Static|Win32
		{5E606191-92D7-44F9-AEF5-632C0499C703}.Debug Release Static|x86.ActiveCfg = Debug Release Static|Win32
		{5E606191-92D7-44F9-AEF5-632C0499C703}.Debug Static|Any CPU.ActiveCfg = Unicode Release Static|Win32
		{5E606191-92D7-44F9-AEF5-632C0499C703}.Debug Static|Any CPU.Build.0 = Unicode Release Static|Win32
		{5E606191-92D7-44F9-AEF5-632C0499C703}.Debug Static|x64.ActiveCfg = Unicode Release Static|Win32
		{5E606191-92D7-44F9-AEF5-632C0499C703}.Debug Static|x64.Build.0 = Unicode Release Static|Win32
		{5E606191-92D7-44F9-AEF5-632C0499C703}.Debug Static|x86.ActiveCfg = Debug Release Static|Win32
		{5E606191-92D7-44F9-AEF5-632C0499C703}.Debug Static|x86.Build.0 = Debug Release Static|Win32
		{5E606191-92D7-44F9-AEF5-632C0499C703}.Debug|Any CPU.ActiveCfg = Unicode Release Static|Win32
		{5E606191-92D7-44F9-AEF5-632C0499C703}.Debug|x64.ActiveCfg = Unicode Release Static|Win32
		{5E606191-92D7-44F9-AEF5-632C0499C703}.Debug|x86.ActiveCfg = Debug Release Static|Win32
		{5E606191-92D7-44F9-AEF5-632C0499C703}.Release MinDependency|Any CPU.ActiveCfg = Unicode Release Static|Win32
		{5E606191-92D7-44F9-AEF5-632C0499C703}.Release MinDependency|Any CPU.Build.0 = Unicode Release Static|Win32
		{5E606191-92D7-44F9-AEF5-632C0499C703}.Release MinDependency|x64.ActiveCfg = Unicode Release Static|Win32
		{5E606191-92D7-44F9-AEF5-632C0499C703}.Release MinDependency|x64.Build.0 = Unicode Release Static|Win32
		{5E606191-92D7-44F9-AEF5-632C0499C703}.Release MinDependency|x86.ActiveCfg = Unicode Release Static|Win32
		{5E606191-92D7-44F9-AEF5-632C0499C703}.Release MinDependency|x86.Build.0 = Unicode Release Static|Win32
		{5E606191-92D7-44F9-AEF5-632C0499C703}.Release MinSize|Any CPU.ActiveCfg = Unicode Release Static|Win32
		{5E606191-92D7-44F9-AEF5-632C0499C703}.Release MinSize|Any CPU.Build.0 = Unicode Release Static|Win32
		{5E606191-92D7-44F9-AEF5-632C0499C703}.Release MinSize|x64.ActiveCfg = Unicode Release Static|Win32
		{5E606191-92D7-44F9-AEF5-632C0499C703}.Release MinSize|x64.Build.0 = Unicode Release Static|Win32
		{5E606191-92D7-44F9-AEF5-632C0499C703}.Release MinSize|x86.ActiveCfg = Unicode Release Static|Win32
		{5E606191-92D7-44F9-AEF5-632C0499C703}.Release MinSize|x86.Build.0 = Unicode Release Static|Win32
		{5E606191-92D7-44F9-AEF5-632C0499C703}.Release Static|Any CPU.ActiveCfg = Unicode Release Static|Win32
		{5E606191-92D7-44F9-AEF5-632C0499C703}.Release Static|Any CPU.Build.0 = Unicode Release Static|Win32
		{5E606191-92D7-44F9-AEF5-632C0499C703}.Release Static|x64.ActiveCfg = Unicode Release Static|Win32
		{5E606191-92D7-44F9-AEF5-632C0499C703}.Release Static|x64.Build.0 = Unicode Release Static|Win32
		{5E606191-92D7-44F9-AEF5-632C0499C703}.Release Static|x86.ActiveCfg = Unicode Release Static|Win32
		{5E606191-92D7-44F9-AEF5-632C0499C703}.Release Static|x86.Build.0 = Unicode Release Static|Win32
		{5E606191-92D7-44F9-AEF5-632C0499C703}.Release|Any CPU.ActiveCfg = Unicode Release Static|Win32
		{5E606191-92D7-44F9-AEF5-632C0499C703}.Release|Any CPU.Build.0 = Unicode Release Static|Win32
		{5E606191-92D7-44F9-AEF5-632C0499C703}.Release|x64.ActiveCfg = Unicode Release Static|Win32
		{5E606191-92D7-44F9-AEF5-632C0499C703}.Release|x64.Build.0 = Unicode Release Static|Win32
		{5E606191-92D7-44F9-AEF5-632C0499C703}.Release|x86.ActiveCfg = Unicode Release Static|Win32
		{5E606191-92D7-44F9-AEF5-632C0499C703}.Template|Any CPU.ActiveCfg = Unicode Release Static|Win32
		{5E606191-92D7-44F9-AEF5-632C0499C703}.Template|Any CPU.Build.0 = Unicode Release Static|Win32
		{5E606191-92D7-44F9-AEF5-632C0499C703}.Template|x64.ActiveCfg = Unicode Release Static|Win32
		{5E606191-92D7-44F9-AEF5-632C0499C703}.Template|x64.Build.0 = Unicode Release Static|Win32
		{5E606191-92D7-44F9-AEF5-632C0499C703}.Template|x86.ActiveCfg = Unicode Release Static|Win32
		{5E606191-92D7-44F9-AEF5-632C0499C703}.Template|x86.Build.0 = Unicode Release Static|Win32
		{5E606191-92D7-44F9-AEF5-632C0499C703}.Unicode Debug Static|Any CPU.ActiveCfg = Unicode Release Static|Win32
		{5E606191-92D7-44F9-AEF5-632C0499C703}.Unicode Debug Static|Any CPU.Build.0 = Unicode Release Static|Win32
		{5E606191-92D7-44F9-AEF5-632C0499C703}.Unicode Debug Static|x64.ActiveCfg = Unicode Release Static|Win32
		{5E606191-92D7-44F9-AEF5-632C0499C703}.Unicode Debug Static|x86.ActiveCfg = Unicode Release Static|Win32
		{5E606191-92D7-44F9-AEF5-632C0499C703}.Unicode Debug|Any CPU.ActiveCfg = Unicode Release Static|Win32
		{5E606191-92D7-44F9-AEF5-632C0499C703}.Unicode Debug|Any CPU.Build.0 = Unicode Release Static|Win32
		{5E606191-92D7-44F9-AEF5-632C0499C703}.Unicode Debug|x64.ActiveCfg = Unicode Release Static|Win32
		{5E606191-92D7-44F9-AEF5-632C0499C703}.Unicode Debug|x86.ActiveCfg = Unicode Release Static|Win32
		{5E606191-92D7-44F9-AEF5-632C0499C703}.Unicode Release MinDependency|Any CPU.ActiveCfg = Unicode Release Static|Win32
		{5E606191-92D7-44F9-AEF5-632C0499C703}.Unicode Release MinDependency|Any CPU.Build.0 = Unicode Release Static|Win32
		{5E606191-92D7-44F9-AEF5-632C0499C703}.Unicode Release MinDependency|x64.ActiveCfg = Unicode Release Static|Win32
		{5E606191-92D7-44F9-AEF5-632C0499C703}.Unicode Release MinDependency|x86.ActiveCfg = Unicode Release Static|Win32
		{5E606191-92D7-44F9-AEF5-632C0499C703}.Unicode Release MinDependency|x86.Build.0 = Unicode Release Static|Win32
		{5E606191-92D7-44F9-AEF5-632C0499C703}.Unicode Release MinSize|Any CPU.ActiveCfg = Unicode Release Static|Win32
		{5E606191-92D7-44F9-AEF5-632C0499C703}.Unicode Release MinSize|Any CPU.Build.0 = Unicode Release Static|Win32
		{5E606191-92D7-44F9-AEF5-632C0499C703}.Unicode Release MinSize|x64.ActiveCfg = Unicode Release Static|Win32
		{5E606191-92D7-44F9-AEF5-632C0499C703}.Unicode Release MinSize|x86.ActiveCfg = Unicode Release Static|Win32
		{5E606191-92D7-44F9-AEF5-632C0499C703}.Unicode Release Static|Any CPU.ActiveCfg = Unicode Release Static|Win32
		{5E606191-92D7-44F9-AEF5-632C0499C703}.Unicode Release Static|x64.ActiveCfg = Unicode Release Static|Win32
		{5E606191-92D7-44F9-AEF5-632C0499C703}.Unicode Release Static|x86.ActiveCfg = Unicode Release Static|Win32
		{5E606191-92D7-44F9-AEF5-632C0499C703}.Unicode Release Static|x86.Build.0 = Unicode Release Static|Win32
		{5E606191-92D7-44F9-AEF5-632C0499C703}.Unicode Release|Any CPU.ActiveCfg = Unicode Release Static|Win32
		{5E606191-92D7-44F9-AEF5-632C0499C703}.Unicode Release|Any CPU.Build.0 = Unicode Release Static|Win32
		{5E606191-92D7-44F9-AEF5-632C0499C703}.Unicode Release|x64.ActiveCfg = Unicode Release Static|Win32
		{5E606191-92D7-44F9-AEF5-632C0499C703}.Unicode Release|x86.ActiveCfg = Unicode Release Static|Win32
		{76B6DBF3-6E63-4CC5-B03A-6554DC06DE46}.Debug Release Static|Any CPU.ActiveCfg = Debug|Win32
		{76B6DBF3-6E63-4CC5-B03A-6554DC06DE46}.Debug Release Static|Any CPU.Build.0 = Debug|Win32
		{76B6DBF3-6E63-4CC5-B03A-6554DC06DE46}.Debug Release Static|x64.ActiveCfg = Release|x64
		{76B6DBF3-6E63-4CC5-B03A-6554DC06DE46}.Debug Release Static|x64.Build.0 = Release|x64
		{76B6DBF3-6E63-4CC5-B03A-6554DC06DE46}.Debug Release Static|x86.ActiveCfg = Release|Win32
		{76B6DBF3-6E63-4CC5-B03A-6554DC06DE46}.Debug Release Static|x86.Build.0 = Release|Win32
		{76B6DBF3-6E63-4CC5-B03A-6554DC06DE46}.Debug Static|Any CPU.ActiveCfg = Debug|Win32
		{76B6DBF3-6E63-4CC5-B03A-6554DC06DE46}.Debug Static|Any CPU.Build.0 = Debug|Win32
		{76B6DBF3-6E63-4CC5-B03A-6554DC06DE46}.Debug Static|x64.ActiveCfg = Debug|x64
		{76B6DBF3-6E63-4CC5-B03A-6554DC06DE46}.Debug Static|x64.Build.0 = Debug|x64
		{76B6DBF3-6E63-4CC5-B03A-6554DC06DE46}.Debug Static|x86.ActiveCfg = Debug|Win32
		{76B6DBF3-6E63-4CC5-B03A-6554DC06DE46}.Debug Static|x86.Build.0 = Debug|Win32
		{76B6DBF3-6E63-4CC5-B03A-6554DC06DE46}.Debug|Any CPU.ActiveCfg = Debug|Win32
		{76B6DBF3-6E63-4CC5-B03A-6554DC06DE46}.Debug|x64.ActiveCfg = Debug|x64
		{76B6DBF3-6E63-4CC5-B03A-6554DC06DE46}.Debug|x64.Build.0 = Debug|x64
		{76B6DBF3-6E63-4CC5-B03A-6554DC06DE46}.Debug|x86.ActiveCfg = Debug|Win32
		{76B6DBF3-6E63-4CC5-B03A-6554DC06DE46}.Debug|x86.Build.0 = Debug|Win32
		{76B6DBF3-6E63-4CC5-B03A-6554DC06DE46}.Release MinDependency|Any CPU.ActiveCfg = Debug|Win32
		{76B6DBF3-6E63-4CC5-B03A-6554DC06DE46}.Release MinDependency|Any CPU.Build.0 = Debug|Win32
		{76B6DBF3-6E63-4CC5-B03A-6554DC06DE46}.Release MinDependency|x64.ActiveCfg = Release|x64
		{76B6DBF3-6E63-4CC5-B03A-6554DC06DE46}.Release MinDependency|x64.Build.0 = Release|x64
		{76B6DBF3-6E63-4CC5-B03A-6554DC06DE46}.Release MinDependency|x86.ActiveCfg = Release|Win32
		{76B6DBF3-6E63-4CC5-B03A-6554DC06DE46}.Release MinDependency|x86.Build.0 = Release|Win32
		{76B6DBF3-6E63-4CC5-B03A-6554DC06DE46}.Release MinSize|Any CPU.ActiveCfg = Debug|Win32
		{76B6DBF3-6E63-4CC5-B03A-6554DC06DE46}.Release MinSize|Any CPU.Build.0 = Debug|Win32
		{76B6DBF3-6E63-4CC5-B03A-6554DC06DE46}.Release MinSize|x64.ActiveCfg = Release|x64
		{76B6DBF3-6E63-4CC5-B03A-6554DC06DE46}.Release MinSize|x64.Build.0 = Release|x64
		{76B6DBF3-6E63-4CC5-B03A-6554DC06DE46}.Release MinSize|x86.ActiveCfg = Release|Win32
		{76B6DBF3-6E63-4CC5-B03A-6554DC06DE46}.Release MinSize|x86.Build.0 = Release|Win32
		{76B6DBF3-6E63-4CC5-B03A-6554DC06DE46}.Release Static|Any CPU.ActiveCfg = Debug|Win32
		{76B6DBF3-6E63-4CC5-B03A-6554DC06DE46}.Release Static|Any CPU.Build.0 = Debug|Win32
		{76B6DBF3-6E63-4CC5-B03A-6554DC06DE46}.Release Static|x64.ActiveCfg = Release|x64
		{76B6DBF3-6E63-4CC5-B03A-6554DC06DE46}.Release Static|x64.Build.0 = Release|x64
		{76B6DBF3-6E63-4CC5-B03A-6554DC06DE46}.Release Static|x86.ActiveCfg = Release|Win32
		{76B6DBF3-6E63-4CC5-B03A-6554DC06DE46}.Release Static|x86.Build.0 = Release|Win32
		{76B6DBF3-6E63-4CC5-B03A-6554DC06DE46}.Release|Any CPU.ActiveCfg = Release|Win32
		{76B6DBF3-6E63-4CC5-B03A-6554DC06DE46}.Release|x64.ActiveCfg = Release|x64
		{76B6DBF3-6E63-4CC5-B03A-6554DC06DE46}.Release|x64.Build.0 = Release|x64
		{76B6DBF3-6E63-4CC5-B03A-6554DC06DE46}.Release|x86.ActiveCfg = Release|Win32
		{76B6DBF3-6E63-4CC5-B03A-6554DC06DE46}.Release|x86.Build.0 = Release|Win32
		{76B6DBF3-6E63-4CC5-B03A-6554DC06DE46}.Template|Any CPU.ActiveCfg = Debug|Win32
		{76B6DBF3-6E63-4CC5-B03A-6554DC06DE46}.Template|Any CPU.Build.0 = Debug|Win32
		{76B6DBF3-6E63-4CC5-B03A-6554DC06DE46}.Template|x64.ActiveCfg = Debug|x64
		{76B6DBF3-6E63-4CC5-B03A-6554DC06DE46}.Template|x64.Build.0 = Debug|x64
		{76B6DBF3-6E63-4CC5-B03A-6554DC06DE46}.Template|x86.ActiveCfg = Debug|Win32
		{76B6DBF3-6E63-4CC5-B03A-6554DC06DE46}.Template|x86.Build.0 = Debug|Win32
		{76B6DBF3-6E63-4CC5-B03A-6554DC06DE46}.Unicode Debug Static|Any CPU.ActiveCfg = Debug|Win32
		{76B6DBF3-6E63-4CC5-B03A-6554DC06DE46}.Unicode Debug Static|Any CPU.Build.0 = Debug|Win32
		{76B6DBF3-6E63-4CC5-B03A-6554DC06DE46}.Unicode Debug Static|x64.ActiveCfg = Debug|x64
		{76B6DBF3-6E63-4CC5-B03A-6554DC06DE46}.Unicode Debug Static|x64.Build.0 = Debug|x64
		{76B6DBF3-6E63-4CC5-B03A-6554DC06DE46}.Unicode Debug Static|x86.ActiveCfg = Debug|Win32
		{76B6DBF3-6E63-4CC5-B03A-6554DC06DE46}.Unicode Debug Static|x86.Build.0 = Debug|Win32
		{76B6DBF3-6E63-4CC5-B03A-6554DC06DE46}.Unicode Debug|Any CPU.ActiveCfg = Debug|Win32
		{76B6DBF3-6E63-4CC5-B03A-6554DC06DE46}.Unicode Debug|Any CPU.Build.0 = Debug|Win32
		{76B6DBF3-6E63-4CC5-B03A-6554DC06DE46}.Unicode Debug|x64.ActiveCfg = Debug|x64
		{76B6DBF3-6E63-4CC5-B03A-6554DC06DE46}.Unicode Debug|x64.Build.0 = Debug|x64
		{76B6DBF3-6E63-4CC5-B03A-6554DC06DE46}.Unicode Debug|x86.ActiveCfg = Debug|Win32
		{76B6DBF3-6E63-4CC5-B03A-6554DC06DE46}.Unicode Debug|x86.Build.0 = Debug|Win32
		{76B6DBF3-6E63-4CC5-B03A-6554DC06DE46}.Unicode Release MinDependency|Any CPU.ActiveCfg = Debug|Win32
		{76B6DBF3-6E63-4CC5-B03A-6554DC06DE46}.Unicode Release MinDependency|Any CPU.Build.0 = Debug|Win32
		{76B6DBF3-6E63-4CC5-B03A-6554DC06DE46}.Unicode Release MinDependency|x64.ActiveCfg = Release|x64
		{76B6DBF3-6E63-4CC5-B03A-6554DC06DE46}.Unicode Release MinDependency|x64.Build.0 = Release|x64
		{76B6DBF3-6E63-4CC5-B03A-6554DC06DE46}.Unicode Release MinDependency|x86.ActiveCfg = Release|Win32
		{76B6DBF3-6E63-4CC5-B03A-6554DC06DE46}.Unicode Release MinDependency|x86.Build.0 = Release|Win32
		{76B6DBF3-6E63-4CC5-B03A-6554DC06DE46}.Unicode Release MinSize|Any CPU.ActiveCfg = Debug|Win32
		{76B6DBF3-6E63-4CC5-B03A-6554DC06DE46}.Unicode Release MinSize|Any CPU.Build.0 = Debug|Win32
		{76B6DBF3-6E63-4CC5-B03A-6554DC06DE46}.Unicode Release MinSize|x64.ActiveCfg = Release|x64
		{76B6DBF3-6E63-4CC5-B03A-6554DC06DE46}.Unicode Release MinSize|x64.Build.0 = Release|x64
		{76B6DBF3-6E63-4CC5-B03A-6554DC06DE46}.Unicode Release MinSize|x86.ActiveCfg = Release|Win32
		{76B6DBF3-6E63-4CC5-B03A-6554DC06DE46}.Unicode Release MinSize|x86.Build.0 = Release|Win32
		{76B6DBF3-6E63-4CC5-B03A-6554DC06DE46}.Unicode Release Static|Any CPU.ActiveCfg = Debug|Win32
		{76B6DBF3-6E63-4CC5-B03A-6554DC06DE46}.Unicode Release Static|Any CPU.Build.0 = Debug|Win32
		{76B6DBF3-6E63-4CC5-B03A-6554DC06DE46}.Unicode Release Static|x64.ActiveCfg = Release|x64
		{76B6DBF3-6E63-4CC5-B03A-6554DC06DE46}.Unicode Release Static|x64.Build.0 = Release|x64
		{76B6DBF3-6E63-4CC5-B03A-6554DC06DE46}.Unicode Release Static|x86.ActiveCfg = Release|Win32
		{76B6DBF3-6E63-4CC5-B03A-6554DC06DE46}.Unicode Release|Any CPU.ActiveCfg = Debug|Win32
		{76B6DBF3-6E63-4CC5-B03A-6554DC06DE46}.Unicode Release|Any CPU.Build.0 = Debug|Win32
		{76B6DBF3-6E63-4CC5-B03A-6554DC06DE46}.Unicode Release|x64.ActiveCfg = Release|x64
		{76B6DBF3-6E63-4CC5-B03A-6554DC06DE46}.Unicode Release|x64.Build.0 = Release|x64
		{76B6DBF3-6E63-4CC5-B03A-6554DC06DE46}.Unicode Release|x86.ActiveCfg = Release|Win32
		{76B6DBF3-6E63-4CC5-B03A-6554DC06DE46}.Unicode Release|x86.Build.0 = Release|Win32
		{3FBF6ECC-BFA0-4457-B7F4-C9CDCFD78BBE}.Debug Release Static|Any CPU.ActiveCfg = Debug|Win32
		{3FBF6ECC-BFA0-4457-B7F4-C9CDCFD78BBE}.Debug Release Static|Any CPU.Build.0 = Debug|Win32
		{3FBF6ECC-BFA0-4457-B7F4-C9CDCFD78BBE}.Debug Release Static|x64.ActiveCfg = Release|x64
		{3FBF6ECC-BFA0-4457-B7F4-C9CDCFD78BBE}.Debug Release Static|x64.Build.0 = Release|x64
		{3FBF6ECC-BFA0-4457-B7F4-C9CDCFD78BBE}.Debug Release Static|x86.ActiveCfg = Release|Win32
		{3FBF6ECC-BFA0-4457-B7F4-C9CDCFD78BBE}.Debug Release Static|x86.Build.0 = Release|Win32
		{3FBF6ECC-BFA0-4457-B7F4-C9CDCFD78BBE}.Debug Static|Any CPU.ActiveCfg = Debug|Win32
		{3FBF6ECC-BFA0-4457-B7F4-C9CDCFD78BBE}.Debug Static|Any CPU.Build.0 = Debug|Win32
		{3FBF6ECC-BFA0-4457-B7F4-C9CDCFD78BBE}.Debug Static|x64.ActiveCfg = Debug|x64
		{3FBF6ECC-BFA0-4457-B7F4-C9CDCFD78BBE}.Debug Static|x64.Build.0 = Debug|x64
		{3FBF6ECC-BFA0-4457-B7F4-C9CDCFD78BBE}.Debug Static|x86.ActiveCfg = Debug|Win32
		{3FBF6ECC-BFA0-4457-B7F4-C9CDCFD78BBE}.Debug Static|x86.Build.0 = Debug|Win32
		{3FBF6ECC-BFA0-4457-B7F4-C9CDCFD78BBE}.Debug|Any CPU.ActiveCfg = Debug|Win32
		{3FBF6ECC-BFA0-4457-B7F4-C9CDCFD78BBE}.Debug|x64.ActiveCfg = Debug|x64
		{3FBF6ECC-BFA0-4457-B7F4-C9CDCFD78BBE}.Debug|x64.Build.0 = Debug|x64
		{3FBF6ECC-BFA0-4457-B7F4-C9CDCFD78BBE}.Debug|x86.ActiveCfg = Debug|Win32
		{3FBF6ECC-BFA0-4457-B7F4-C9CDCFD78BBE}.Debug|x86.Build.0 = Debug|Win32
		{3FBF6ECC-BFA0-4457-B7F4-C9CDCFD78BBE}.Release MinDependency|Any CPU.ActiveCfg = Debug|Win32
		{3FBF6ECC-BFA0-4457-B7F4-C9CDCFD78BBE}.Release MinDependency|Any CPU.Build.0 = Debug|Win32
		{3FBF6ECC-BFA0-4457-B7F4-C9CDCFD78BBE}.Release MinDependency|x64.ActiveCfg = Release|x64
		{3FBF6ECC-BFA0-4457-B7F4-C9CDCFD78BBE}.Release MinDependency|x64.Build.0 = Release|x64
		{3FBF6ECC-BFA0-4457-B7F4-C9CDCFD78BBE}.Release MinDependency|x86.ActiveCfg = Release|Win32
		{3FBF6ECC-BFA0-4457-B7F4-C9CDCFD78BBE}.Release MinDependency|x86.Build.0 = Release|Win32
		{3FBF6ECC-BFA0-4457-B7F4-C9CDCFD78BBE}.Release MinSize|Any CPU.ActiveCfg = Debug|Win32
		{3FBF6ECC-BFA0-4457-B7F4-C9CDCFD78BBE}.Release MinSize|Any CPU.Build.0 = Debug|Win32
		{3FBF6ECC-BFA0-4457-B7F4-C9CDCFD78BBE}.Release MinSize|x64.ActiveCfg = Release|x64
		{3FBF6ECC-BFA0-4457-B7F4-C9CDCFD78BBE}.Release MinSize|x64.Build.0 = Release|x64
		{3FBF6ECC-BFA0-4457-B7F4-C9CDCFD78BBE}.Release MinSize|x86.ActiveCfg = Release|Win32
		{3FBF6ECC-BFA0-4457-B7F4-C9CDCFD78BBE}.Release MinSize|x86.Build.0 = Release|Win32
		{3FBF6ECC-BFA0-4457-B7F4-C9CDCFD78BBE}.Release Static|Any CPU.ActiveCfg = Debug|Win32
		{3FBF6ECC-BFA0-4457-B7F4-C9CDCFD78BBE}.Release Static|Any CPU.Build.0 = Debug|Win32
		{3FBF6ECC-BFA0-4457-B7F4-C9CDCFD78BBE}.Release Static|x64.ActiveCfg = Release|x64
		{3FBF6ECC-BFA0-4457-B7F4-C9CDCFD78BBE}.Release Static|x64.Build.0 = Release|x64
		{3FBF6ECC-BFA0-4457-B7F4-C9CDCFD78BBE}.Release Static|x86.ActiveCfg = Release|Win32
		{3FBF6ECC-BFA0-4457-B7F4-C9CDCFD78BBE}.Release Static|x86.Build.0 = Release|Win32
		{3FBF6ECC-BFA0-4457-B7F4-C9CDCFD78BBE}.Release|Any CPU.ActiveCfg = Release|Win32
		{3FBF6ECC-BFA0-4457-B7F4-C9CDCFD78BBE}.Release|x64.ActiveCfg = Release|x64
		{3FBF6ECC-BFA0-4457-B7F4-C9CDCFD78BBE}.Release|x64.Build.0 = Release|x64
		{3FBF6ECC-BFA0-4457-B7F4-C9CDCFD78BBE}.Release|x86.ActiveCfg = Release|Win32
		{3FBF6ECC-BFA0-4457-B7F4-C9CDCFD78BBE}.Release|x86.Build.0 = Release|Win32
		{3FBF6ECC-BFA0-4457-B7F4-C9CDCFD78BBE}.Template|Any CPU.ActiveCfg = Debug|Win32
		{3FBF6ECC-BFA0-4457-B7F4-C9CDCFD78BBE}.Template|Any CPU.Build.0 = Debug|Win32
		{3FBF6ECC-BFA0-4457-B7F4-C9CDCFD78BBE}.Template|x64.ActiveCfg = Debug|x64
		{3FBF6ECC-BFA0-4457-B7F4-C9CDCFD78BBE}.Template|x64.Build.0 = Debug|x64
		{3FBF6ECC-BFA0-4457-B7F4-C9CDCFD78BBE}.Template|x86.ActiveCfg = Debug|Win32
		{3FBF6ECC-BFA0-4457-B7F4-C9CDCFD78BBE}.Template|x86.Build.0 = Debug|Win32
		{3FBF6ECC-BFA0-4457-B7F4-C9CDCFD78BBE}.Unicode Debug Static|Any CPU.ActiveCfg = Debug|Win32
		{3FBF6ECC-BFA0-4457-B7F4-C9CDCFD78BBE}.Unicode Debug Static|Any CPU.Build.0 = Debug|Win32
		{3FBF6ECC-BFA0-4457-B7F4-C9CDCFD78BBE}.Unicode Debug Static|x64.ActiveCfg = Debug|x64
		{3FBF6ECC-BFA0-4457-B7F4-C9CDCFD78BBE}.Unicode Debug Static|x64.Build.0 = Debug|x64
		{3FBF6ECC-BFA0-4457-B7F4-C9CDCFD78BBE}.Unicode Debug Static|x86.ActiveCfg = Debug|Win32
		{3FBF6ECC-BFA0-4457-B7F4-C9CDCFD78BBE}.Unicode Debug Static|x86.Build.0 = Debug|Win32
		{3FBF6ECC-BFA0-4457-B7F4-C9CDCFD78BBE}.Unicode Debug|Any CPU.ActiveCfg = Debug|Win32
		{3FBF6ECC-BFA0-4457-B7F4-C9CDCFD78BBE}.Unicode Debug|Any CPU.Build.0 = Debug|Win32
		{3FBF6ECC-BFA0-4457-B7F4-C9CDCFD78BBE}.Unicode Debug|x64.ActiveCfg = Debug|x64
		{3FBF6ECC-BFA0-4457-B7F4-C9CDCFD78BBE}.Unicode Debug|x64.Build.0 = Debug|x64
		{3FBF6ECC-BFA0-4457-B7F4-C9CDCFD78BBE}.Unicode Debug|x86.ActiveCfg = Debug|Win32
		{3FBF6ECC-BFA0-4457-B7F4-C9CDCFD78BBE}.Unicode Debug|x86.Build.0 = Debug|Win32
		{3FBF6ECC-BFA0-4457-B7F4-C9CDCFD78BBE}.Unicode Release MinDependency|Any CPU.ActiveCfg = Debug|Win32
		{3FBF6ECC-BFA0-4457-B7F4-C9CDCFD78BBE}.Unicode Release MinDependency|Any CPU.Build.0 = Debug|Win32
		{3FBF6ECC-BFA0-4457-B7F4-C9CDCFD78BBE}.Unicode Release MinDependency|x64.ActiveCfg = Release|x64
		{3FBF6ECC-BFA0-4457-B7F4-C9CDCFD78BBE}.Unicode Release MinDependency|x64.Build.0 = Release|x64
		{3FBF6ECC-BFA0-4457-B7F4-C9CDCFD78BBE}.Unicode Release MinDependency|x86.ActiveCfg = Release|Win32
		{3FBF6ECC-BFA0-4457-B7F4-C9CDCFD78BBE}.Unicode Release MinDependency|x86.Build.0 = Release|Win32
		{3FBF6ECC-BFA0-4457-B7F4-C9CDCFD78BBE}.Unicode Release MinSize|Any CPU.ActiveCfg = Debug|Win32
		{3FBF6ECC-BFA0-4457-B7F4-C9CDCFD78BBE}.Unicode Release MinSize|Any CPU.Build.0 = Debug|Win32
		{3FBF6ECC-BFA0-4457-B7F4-C9CDCFD78BBE}.Unicode Release MinSize|x64.ActiveCfg = Release|x64
		{3FBF6ECC-BFA0-4457-B7F4-C9CDCFD78BBE}.Unicode Release MinSize|x64.Build.0 = Release|x64
		{3FBF6ECC-BFA0-4457-B7F4-C9CDCFD78BBE}.Unicode Release MinSize|x86.ActiveCfg = Release|Win32
		{3FBF6ECC-BFA0-4457-B7F4-C9CDCFD78BBE}.Unicode Release MinSize|x86.Build.0 = Release|Win32
		{3FBF6ECC-BFA0-4457-B7F4-C9CDCFD78BBE}.Unicode Release Static|Any CPU.ActiveCfg = Debug|Win32
		{3FBF6ECC-BFA0-4457-B7F4-C9CDCFD78BBE}.Unicode Release Static|Any CPU.Build.0 = Debug|Win32
		{3FBF6ECC-BFA0-4457-B7F4-C9CDCFD78BBE}.Unicode Release Static|x64.ActiveCfg = Release|x64
		{3FBF6ECC-BFA0-4457-B7F4-C9CDCFD78BBE}.Unicode Release Static|x64.Build.0 = Release|x64
		{3FBF6ECC-BFA0-4457-B7F4-C9CDCFD78BBE}.Unicode Release Static|x86.ActiveCfg = Release|Win32
		{3FBF6ECC-BFA0-4457-B7F4-C9CDCFD78BBE}.Unicode Release|Any CPU.ActiveCfg = Debug|Win32
		{3FBF6ECC-BFA0-4457-B7F4-C9CDCFD78BBE}.Unicode Release|Any CPU.Build.0 = Debug|Win32
		{3FBF6ECC-BFA0-4457-B7F4-C9CDCFD78BBE}.Unicode Release|x64.ActiveCfg = Release|x64
		{3FBF6ECC-BFA0-4457-B7F4-C9CDCFD78BBE}.Unicode Release|x64.Build.0 = Release|x64
		{3FBF6ECC-BFA0-4457-B7F4-C9CDCFD78BBE}.Unicode Release|x86.ActiveCfg = Release|Win32
		{3FBF6ECC-BFA0-4457-B7F4-C9CDCFD78BBE}.Unicode Release|x86.Build.0 = Release|Win32
		{0F2E5D65-4513-46E8-90C3-26903AFCE0B3}.Debug Release Static|Any CPU.ActiveCfg = Debug|Win32
		{0F2E5D65-4513-46E8-90C3-26903AFCE0B3}.Debug Release Static|Any CPU.Build.0 = Debug|Win32
		{0F2E5D65-4513-46E8-90C3-26903AFCE0B3}.Debug Release Static|x64.ActiveCfg = Release|x64
		{0F2E5D65-4513-46E8-90C3-26903AFCE0B3}.Debug Release Static|x64.Build.0 = Release|x64
		{0F2E5D65-4513-46E8-90C3-26903AFCE0B3}.Debug Release Static|x86.ActiveCfg = Release|Win32
		{0F2E5D65-4513-46E8-90C3-26903AFCE0B3}.Debug Release Static|x86.Build.0 = Release|Win32
		{0F2E5D65-4513-46E8-90C3-26903AFCE0B3}.Debug Static|Any CPU.ActiveCfg = Debug|Win32
		{0F2E5D65-4513-46E8-90C3-26903AFCE0B3}.Debug Static|Any CPU.Build.0 = Debug|Win32
		{0F2E5D65-4513-46E8-90C3-26903AFCE0B3}.Debug Static|x64.ActiveCfg = Debug|x64
		{0F2E5D65-4513-46E8-90C3-26903AFCE0B3}.Debug Static|x64.Build.0 = Debug|x64
		{0F2E5D65-4513-46E8-90C3-26903AFCE0B3}.Debug Static|x86.ActiveCfg = Debug|Win32
		{0F2E5D65-4513-46E8-90C3-26903AFCE0B3}.Debug Static|x86.Build.0 = Debug|Win32
		{0F2E5D65-4513-46E8-90C3-26903AFCE0B3}.Debug|Any CPU.ActiveCfg = Debug|Win32
		{0F2E5D65-4513-46E8-90C3-26903AFCE0B3}.Debug|x64.ActiveCfg = Debug|x64
		{0F2E5D65-4513-46E8-90C3-26903AFCE0B3}.Debug|x64.Build.0 = Debug|x64
		{0F2E5D65-4513-46E8-90C3-26903AFCE0B3}.Debug|x86.ActiveCfg = Debug|Win32
		{0F2E5D65-4513-46E8-90C3-26903AFCE0B3}.Debug|x86.Build.0 = Debug|Win32
		{0F2E5D65-4513-46E8-90C3-26903AFCE0B3}.Release MinDependency|Any CPU.ActiveCfg = Debug|Win32
		{0F2E5D65-4513-46E8-90C3-26903AFCE0B3}.Release MinDependency|Any CPU.Build.0 = Debug|Win32
		{0F2E5D65-4513-46E8-90C3-26903AFCE0B3}.Release MinDependency|x64.ActiveCfg = Release|x64
		{0F2E5D65-4513-46E8-90C3-26903AFCE0B3}.Release MinDependency|x64.Build.0 = Release|x64
		{0F2E5D65-4513-46E8-90C3-26903AFCE0B3}.Release MinDependency|x86.ActiveCfg = Release|Win32
		{0F2E5D65-4513-46E8-90C3-26903AFCE0B3}.Release MinDependency|x86.Build.0 = Release|Win32
		{0F2E5D65-4513-46E8-90C3-26903AFCE0B3}.Release MinSize|Any CPU.ActiveCfg = Debug|Win32
		{0F2E5D65-4513-46E8-90C3-26903AFCE0B3}.Release MinSize|Any CPU.Build.0 = Debug|Win32
		{0F2E5D65-4513-46E8-90C3-26903AFCE0B3}.Release MinSize|x64.ActiveCfg = Release|x64
		{0F2E5D65-4513-46E8-90C3-26903AFCE0B3}.Release MinSize|x64.Build.0 = Release|x64
		{0F2E5D65-4513-46E8-90C3-26903AFCE0B3}.Release MinSize|x86.ActiveCfg = Release|Win32
		{0F2E5D65-4513-46E8-90C3-26903AFCE0B3}.Release MinSize|x86.Build.0 = Release|Win32
		{0F2E5D65-4513-46E8-90C3-26903AFCE0B3}.Release Static|Any CPU.ActiveCfg = Debug|Win32
		{0F2E5D65-4513-46E8-90C3-26903AFCE0B3}.Release Static|Any CPU.Build.0 = Debug|Win32
		{0F2E5D65-4513-46E8-90C3-26903AFCE0B3}.Release Static|x64.ActiveCfg = Release|x64
		{0F2E5D65-4513-46E8-90C3-26903AFCE0B3}.Release Static|x64.Build.0 = Release|x64
		{0F2E5D65-4513-46E8-90C3-26903AFCE0B3}.Release Static|x86.ActiveCfg = Release|Win32
		{0F2E5D65-4513-46E8-90C3-26903AFCE0B3}.Release Static|x86.Build.0 = Release|Win32
		{0F2E5D65-4513-46E8-90C3-26903AFCE0B3}.Release|Any CPU.ActiveCfg = Release|Win32
		{0F2E5D65-4513-46E8-90C3-26903AFCE0B3}.Release|x64.ActiveCfg = Release|x64
		{0F2E5D65-4513-46E8-90C3-26903AFCE0B3}.Release|x64.Build.0 = Release|x64
		{0F2E5D65-4513-46E8-90C3-26903AFCE0B3}.Release|x86.ActiveCfg = Release|Win32
		{0F2E5D65-4513-46E8-90C3-26903AFCE0B3}.Release|x86.Build.0 = Release|Win32
		{0F2E5D65-4513-46E8-90C3-26903AFCE0B3}.Template|Any CPU.ActiveCfg = Debug|Win32
		{0F2E5D65-4513-46E8-90C3-26903AFCE0B3}.Template|Any CPU.Build.0 = Debug|Win32
		{0F2E5D65-4513-46E8-90C3-26903AFCE0B3}.Template|x64.ActiveCfg = Debug|x64
		{0F2E5D65-4513-46E8-90C3-26903AFCE0B3}.Template|x64.Build.0 = Debug|x64
		{0F2E5D65-4513-46E8-90C3-26903AFCE0B3}.Template|x86.ActiveCfg = Debug|Win32
		{0F2E5D65-4513-46E8-90C3-26903AFCE0B3}.Template|x86.Build.0 = Debug|Win32
		{0F2E5D65-4513-46E8-90C3-26903AFCE0B3}.Unicode Debug Static|Any CPU.ActiveCfg = Debug|Win32
		{0F2E5D65-4513-46E8-90C3-26903AFCE0B3}.Unicode Debug Static|Any CPU.Build.0 = Debug|Win32
		{0F2E5D65-4513-46E8-90C3-26903AFCE0B3}.Unicode Debug Static|x64.ActiveCfg = Debug|x64
		{0F2E5D65-4513-46E8-90C3-26903AFCE0B3}.Unicode Debug Static|x64.Build.0 = Debug|x64
		{0F2E5D65-4513-46E8-90C3-26903AFCE0B3}.Unicode Debug Static|x86.ActiveCfg = Debug|Win32
		{0F2E5D65-4513-46E8-90C3-26903AFCE0B3}.Unicode Debug Static|x86.Build.0 = Debug|Win32
		{0F2E5D65-4513-46E8-90C3-26903AFCE0B3}.Unicode Debug|Any CPU.ActiveCfg = Debug|Win32
		{0F2E5D65-4513-46E8-90C3-26903AFCE0B3}.Unicode Debug|Any CPU.Build.0 = Debug|Win32
		{0F2E5D65-4513-46E8-90C3-26903AFCE0B3}.Unicode Debug|x64.ActiveCfg = Debug|x64
		{0F2E5D65-4513-46E8-90C3-26903AFCE0B3}.Unicode Debug|x64.Build.0 = Debug|x64
		{0F2E5D65-4513-46E8-90C3-26903AFCE0B3}.Unicode Debug|x86.ActiveCfg = Debug|Win32
		{0F2E5D65-4513-46E8-90C3-26903AFCE0B3}.Unicode Debug|x86.Build.0 = Debug|Win32
		{0F2E5D65-4513-46E8-90C3-26903AFCE0B3}.Unicode Release MinDependency|Any CPU.ActiveCfg = Debug|Win32
		{0F2E5D65-4513-46E8-90C3-26903AFCE0B3}.Unicode Release MinDependency|Any CPU.Build.0 = Debug|Win32
		{0F2E5D65-4513-46E8-90C3-26903AFCE0B3}.Unicode Release MinDependency|x64.ActiveCfg = Release|x64
		{0F2E5D65-4513-46E8-90C3-26903AFCE0B3}.Unicode Release MinDependency|x64.Build.0 = Release|x64
		{0F2E5D65-4513-46E8-90C3-26903AFCE0B3}.Unicode Release MinDependency|x86.ActiveCfg = Release|Win32
		{0F2E5D65-4513-46E8-90C3-26903AFCE0B3}.Unicode Release MinDependency|x86.Build.0 = Release|Win32
		{0F2E5D65-4513-46E8-90C3-26903AFCE0B3}.Unicode Release MinSize|Any CPU.ActiveCfg = Debug|Win32
		{0F2E5D65-4513-46E8-90C3-26903AFCE0B3}.Unicode Release MinSize|Any CPU.Build.0 = Debug|Win32
		{0F2E5D65-4513-46E8-90C3-26903AFCE0B3}.Unicode Release MinSize|x64.ActiveCfg = Release|x64
		{0F2E5D65-4513-46E8-90C3-26903AFCE0B3}.Unicode Release MinSize|x64.Build.0 = Release|x64
		{0F2E5D65-4513-46E8-90C3-26903AFCE0B3}.Unicode Release MinSize|x86.ActiveCfg = Release|Win32
		{0F2E5D65-4513-46E8-90C3-26903AFCE0B3}.Unicode Release MinSize|x86.Build.0 = Release|Win32
		{0F2E5D65-4513-46E8-90C3-26903AFCE0B3}.Unicode Release Static|Any CPU.ActiveCfg = Debug|Win32
		{0F2E5D65-4513-46E8-90C3-26903AFCE0B3}.Unicode Release Static|Any CPU.Build.0 = Debug|Win32
		{0F2E5D65-4513-46E8-90C3-26903AFCE0B3}.Unicode Release Static|x64.ActiveCfg = Release|x64
		{0F2E5D65-4513-46E8-90C3-26903AFCE0B3}.Unicode Release Static|x64.Build.0 = Release|x64
		{0F2E5D65-4513-46E8-90C3-26903AFCE0B3}.Unicode Release Static|x86.ActiveCfg = Release|Win32
		{0F2E5D65-4513-46E8-90C3-26903AFCE0B3}.Unicode Release|Any CPU.ActiveCfg = Debug|Win32
		{0F2E5D65-4513-46E8-90C3-26903AFCE0B3}.Unicode Release|Any CPU.Build.0 = Debug|Win32
		{0F2E5D65-4513-46E8-90C3-26903AFCE0B3}.Unicode Release|x64.ActiveCfg = Release|x64
		{0F2E5D65-4513-46E8-90C3-26903AFCE0B3}.Unicode Release|x64.Build.0 = Release|x64
		{0F2E5D65-4513-46E8-90C3-26903AFCE0B3}.Unicode Release|x86.ActiveCfg = Release|Win32
		{0F2E5D65-4513-46E8-90C3-26903AFCE0B3}.Unicode Release|x86.Build.0 = Release|Win32
		{B224C743-6EFE-4EC5-9FC0-DD72F52315E7}.Debug Release Static|Any CPU.ActiveCfg = Release|Any CPU
		{B224C743-6EFE-4EC5-9FC0-DD72F52315E7}.Debug Release Static|x64.ActiveCfg = Release|Any CPU
		{B224C743-6EFE-4EC5-9FC0-DD72F52315E7}.Debug Release Static|x86.ActiveCfg = Release|Any CPU
		{B224C743-6EFE-4EC5-9FC0-DD72F52315E7}.Debug Static|Any CPU.ActiveCfg = Debug|Any CPU
		{B224C743-6EFE-4EC5-9FC0-DD72F52315E7}.Debug Static|x64.ActiveCfg = Debug|Any CPU
		{B224C743-6EFE-4EC5-9FC0-DD72F52315E7}.Debug Static|x86.ActiveCfg = Debug|Any CPU
		{B224C743-6EFE-4EC5-9FC0-DD72F52315E7}.Debug|Any CPU.ActiveCfg = Debug|Any CPU
		{B224C743-6EFE-4EC5-9FC0-DD72F52315E7}.Debug|x64.ActiveCfg = Debug|Any CPU
		{B224C743-6EFE-4EC5-9FC0-DD72F52315E7}.Debug|x86.ActiveCfg = Debug|Any CPU
		{B224C743-6EFE-4EC5-9FC0-DD72F52315E7}.Release MinDependency|Any CPU.ActiveCfg = Release|Any CPU
		{B224C743-6EFE-4EC5-9FC0-DD72F52315E7}.Release MinDependency|x64.ActiveCfg = Release|Any CPU
		{B224C743-6EFE-4EC5-9FC0-DD72F52315E7}.Release MinDependency|x86.ActiveCfg = Release|Any CPU
		{B224C743-6EFE-4EC5-9FC0-DD72F52315E7}.Release MinSize|Any CPU.ActiveCfg = Release|Any CPU
		{B224C743-6EFE-4EC5-9FC0-DD72F52315E7}.Release MinSize|x64.ActiveCfg = Release|Any CPU
		{B224C743-6EFE-4EC5-9FC0-DD72F52315E7}.Release MinSize|x86.ActiveCfg = Release|Any CPU
		{B224C743-6EFE-4EC5-9FC0-DD72F52315E7}.Release Static|Any CPU.ActiveCfg = Release|Any CPU
		{B224C743-6EFE-4EC5-9FC0-DD72F52315E7}.Release Static|x64.ActiveCfg = Release|Any CPU
		{B224C743-6EFE-4EC5-9FC0-DD72F52315E7}.Release Static|x86.ActiveCfg = Release|Any CPU
		{B224C743-6EFE-4EC5-9FC0-DD72F52315E7}.Release|Any CPU.ActiveCfg = Release|Any CPU
		{B224C743-6EFE-4EC5-9FC0-DD72F52315E7}.Release|x64.ActiveCfg = Release|Any CPU
		{B224C743-6EFE-4EC5-9FC0-DD72F52315E7}.Release|x86.ActiveCfg = Release|Any CPU
		{B224C743-6EFE-4EC5-9FC0-DD72F52315E7}.Template|Any CPU.ActiveCfg = Debug|Any CPU
		{B224C743-6EFE-4EC5-9FC0-DD72F52315E7}.Template|x64.ActiveCfg = Debug|Any CPU
		{B224C743-6EFE-4EC5-9FC0-DD72F52315E7}.Template|x86.ActiveCfg = Debug|Any CPU
		{B224C743-6EFE-4EC5-9FC0-DD72F52315E7}.Unicode Debug Static|Any CPU.ActiveCfg = Debug|Any CPU
		{B224C743-6EFE-4EC5-9FC0-DD72F52315E7}.Unicode Debug Static|x64.ActiveCfg = Debug|Any CPU
		{B224C743-6EFE-4EC5-9FC0-DD72F52315E7}.Unicode Debug Static|x86.ActiveCfg = Debug|Any CPU
		{B224C743-6EFE-4EC5-9FC0-DD72F52315E7}.Unicode Debug|Any CPU.ActiveCfg = Debug|Any CPU
		{B224C743-6EFE-4EC5-9FC0-DD72F52315E7}.Unicode Debug|x64.ActiveCfg = Debug|Any CPU
		{B224C743-6EFE-4EC5-9FC0-DD72F52315E7}.Unicode Debug|x86.ActiveCfg = Debug|Any CPU
		{B224C743-6EFE-4EC5-9FC0-DD72F52315E7}.Unicode Release MinDependency|Any CPU.ActiveCfg = Release|Any CPU
		{B224C743-6EFE-4EC5-9FC0-DD72F52315E7}.Unicode Release MinDependency|x64.ActiveCfg = Release|Any CPU
		{B224C743-6EFE-4EC5-9FC0-DD72F52315E7}.Unicode Release MinDependency|x86.ActiveCfg = Release|Any CPU
		{B224C743-6EFE-4EC5-9FC0-DD72F52315E7}.Unicode Release MinSize|Any CPU.ActiveCfg = Release|Any CPU
		{B224C743-6EFE-4EC5-9FC0-DD72F52315E7}.Unicode Release MinSize|x64.ActiveCfg = Release|Any CPU
		{B224C743-6EFE-4EC5-9FC0-DD72F52315E7}.Unicode Release MinSize|x86.ActiveCfg = Release|Any CPU
		{B224C743-6EFE-4EC5-9FC0-DD72F52315E7}.Unicode Release Static|Any CPU.ActiveCfg = Release|Any CPU
		{B224C743-6EFE-4EC5-9FC0-DD72F52315E7}.Unicode Release Static|x64.ActiveCfg = Release|Any CPU
		{B224C743-6EFE-4EC5-9FC0-DD72F52315E7}.Unicode Release Static|x86.ActiveCfg = Release|Any CPU
		{B224C743-6EFE-4EC5-9FC0-DD72F52315E7}.Unicode Release|Any CPU.ActiveCfg = Release|Any CPU
		{B224C743-6EFE-4EC5-9FC0-DD72F52315E7}.Unicode Release|x64.ActiveCfg = Release|Any CPU
		{B224C743-6EFE-4EC5-9FC0-DD72F52315E7}.Unicode Release|x86.ActiveCfg = Release|Any CPU
	EndGlobalSection
	GlobalSection(SolutionProperties) = preSolution
		HideSolutionNode = FALSE
	EndGlobalSection
	GlobalSection(NestedProjects) = preSolution
		{F0A26AFA-9A51-4BDB-A0A4-1458D170C8A2} = {1A60FA2E-4B56-4700-A374-66F8F9D0A75C}
		{839588B9-4F39-4F8F-A16B-B23C3CF7A165} = {1A60FA2E-4B56-4700-A374-66F8F9D0A75C}
		{81861170-BD26-46EA-B78D-DC78252DC6D6} = {1A60FA2E-4B56-4700-A374-66F8F9D0A75C}
		{6033CCE2-F7D2-490A-B9B9-607D9674CEB5} = {E53581AE-6D0F-47D2-8E0B-03E30F6A8880}
		{F2CC2C92-9436-4C13-AB5D-7E5F032A54DD} = {E53581AE-6D0F-47D2-8E0B-03E30F6A8880}
		{5C5A9EE8-5AC1-430A-BB66-22382D24D704} = {E53581AE-6D0F-47D2-8E0B-03E30F6A8880}
		{E3B79A34-76CD-4F9E-8DF3-DA3A9CC38028} = {6033CCE2-F7D2-490A-B9B9-607D9674CEB5}
		{446F0B52-CAEA-4388-9788-67835B938A33} = {BC85D569-A568-4736-8CE1-A5FC27D00720}
		{ACACAA53-B1EB-42AA-8C35-4CA2ABE863B8} = {F0A26AFA-9A51-4BDB-A0A4-1458D170C8A2}
		{7590EAD1-4A7F-4719-B1AF-9DA24595E9D7} = {F0A26AFA-9A51-4BDB-A0A4-1458D170C8A2}
		{56760558-B6E1-4181-922A-5BDB4DE19721} = {839588B9-4F39-4F8F-A16B-B23C3CF7A165}
		{99BB894F-15BB-49C0-A179-A07CE3054C38} = {E3B79A34-76CD-4F9E-8DF3-DA3A9CC38028}
		{B4105AC0-861A-4EA1-A8E6-93AAC22014FF} = {E3B79A34-76CD-4F9E-8DF3-DA3A9CC38028}
		{354E119E-63C5-4243-8948-49ABE1272985} = {E3B79A34-76CD-4F9E-8DF3-DA3A9CC38028}
		{758141C0-EBB6-4356-A336-092755D9D169} = {6033CCE2-F7D2-490A-B9B9-607D9674CEB5}
		{CD55AB26-5CE1-4355-83BE-84D528DF0FE5} = {6033CCE2-F7D2-490A-B9B9-607D9674CEB5}
		{CA75F0C4-02B6-4430-85FE-323692D610B6} = {F2CC2C92-9436-4C13-AB5D-7E5F032A54DD}
		{C5D8D2AB-B7EB-44B6-A0C8-33D8442347B7} = {446F0B52-CAEA-4388-9788-67835B938A33}
		{5E606191-92D7-44F9-AEF5-632C0499C703} = {446F0B52-CAEA-4388-9788-67835B938A33}
		{76B6DBF3-6E63-4CC5-B03A-6554DC06DE46} = {F620D9F8-60D0-45BE-B395-1674E7A780B7}
		{3FBF6ECC-BFA0-4457-B7F4-C9CDCFD78BBE} = {F620D9F8-60D0-45BE-B395-1674E7A780B7}
		{0F2E5D65-4513-46E8-90C3-26903AFCE0B3} = {F620D9F8-60D0-45BE-B395-1674E7A780B7}
		{B224C743-6EFE-4EC5-9FC0-DD72F52315E7} = {F620D9F8-60D0-45BE-B395-1674E7A780B7}
	EndGlobalSection
	GlobalSection(ExtensibilityGlobals) = postSolution
		SolutionGuid = {799CD7DD-4690-4D2C-BA17-5E3199C49DF9}
	EndGlobalSection
EndGlobal
