
Microsoft Visual Studio Solution File, Format Version 11.00
# Visual Studio 2010
Project("{FAE04EC0-301F-11D3-BF4B-00C04F79EFBC}") = "Assembly-CSharp", "Assembly-CSharp.csproj", "{6719A7FC-120A-B451-1629-C8EF875F8680}"
EndProject
Project("{FAE04EC0-301F-11D3-BF4B-00C04F79EFBC}") = "Assembly-CSharp-Editor", "Assembly-CSharp-Editor.csproj", "{19E75AB1-5F96-CE2E-4783-677D5E4FA312}"
EndProject
Global
	GlobalSection(SolutionConfigurationPlatforms) = preSolution
		Debug|Any CPU = Debug|Any CPU
		Release|Any CPU = Release|Any CPU
	EndGlobalSection
	GlobalSection(ProjectConfigurationPlatforms) = postSolution
		{6719A7FC-120A-B451-1629-C8EF875F8680}.Debug|Any CPU.ActiveCfg = Debug|Any CPU
		{6719A7FC-120A-B451-1629-C8EF875F8680}.Debug|Any CPU.Build.0 = Debug|Any CPU
		{6719A7FC-120A-B451-1629-C8EF875F8680}.Release|Any CPU.ActiveCfg = Release|Any CPU
		{6719A7FC-120A-B451-1629-C8EF875F8680}.Release|Any CPU.Build.0 = Release|Any CPU
		{19E75AB1-5F96-CE2E-4783-677D5E4FA312}.Debug|Any CPU.ActiveCfg = Debug|Any CPU
		{19E75AB1-5F96-CE2E-4783-677D5E4FA312}.Debug|Any CPU.Build.0 = Debug|Any CPU
		{19E75AB1-5F96-CE2E-4783-677D5E4FA312}.Release|Any CPU.ActiveCfg = Release|Any CPU
		{19E75AB1-5F96-CE2E-4783-677D5E4FA312}.Release|Any CPU.Build.0 = Release|Any CPU
	EndGlobalSection
	GlobalSection(SolutionProperties) = preSolution
		HideSolutionNode = FALSE
	EndGlobalSection
EndGlobal
